
Microsoft Visual Studio Solution File, Format Version 12.00
# Visual Studio 15
VisualStudioVersion = 15.0.26730.16
MinimumVisualStudioVersion = 10.0.40219.1
Project("{FAE04EC0-301F-11D3-BF4B-00C04F79EFBC}") = "MultiplierTestsLib", "MultiplierTestsLib\MultiplierTestsLib.csproj", "{D9D6D3E4-C947-4279-B287-BB7907775DF0}"
EndProject
Project("{FAE04EC0-301F-11D3-BF4B-00C04F79EFBC}") = "MultiplierLib", "MultiplierLib\MultiplierLib.csproj", "{8C6BCFFC-5940-40D7-B3B3-1BF8174B96DE}"
EndProject
Project("{2150E333-8FDC-42A3-9474-1A3956D46DE8}") = "Multiplier", "Multiplier", "{9AE29A58-965F-4E4B-8D55-8257BAA262F5}"
EndProject
Project("{2150E333-8FDC-42A3-9474-1A3956D46DE8}") = "Demo", "Demo", "{0425E06C-44E2-434F-AA7B-08E178604708}"
EndProject
Project("{FAE04EC0-301F-11D3-BF4B-00C04F79EFBC}") = "Demo_01", "Demo_01\Demo_01.csproj", "{6158387E-763B-48BC-A815-5E503DCDCCF5}"
EndProject
Project("{2150E333-8FDC-42A3-9474-1A3956D46DE8}") = "Storyteller", "Storyteller", "{A2339B69-FB2E-4F65-ACE2-F7C7D42A128A}"
EndProject
Project("{FAE04EC0-301F-11D3-BF4B-00C04F79EFBC}") = "StoretellerTestsLib", "StoretellerTestsLib\StoretellerTestsLib.csproj", "{5A5B7DCB-290D-443B-B2B0-9F839540A5E6}"
EndProject
Project("{FAE04EC0-301F-11D3-BF4B-00C04F79EFBC}") = "StoretellerLib", "StoretellerLib\StoretellerLib.csproj", "{8CDA25F2-90B8-435E-9331-858EA828B694}"
EndProject
Project("{FAE04EC0-301F-11D3-BF4B-00C04F79EFBC}") = "StorytellerWindowsApp", "StorytellerWindowsApp\StorytellerWindowsApp.csproj", "{E256ED20-D881-42A1-B3A3-77BB1DF8E5E2}"
EndProject
Project("{2150E333-8FDC-42A3-9474-1A3956D46DE8}") = "Circus", "Circus", "{1BAE579C-06B0-477D-9A6F-6F2EB471253C}"
EndProject
Project("{FAE04EC0-301F-11D3-BF4B-00C04F79EFBC}") = "CircusLib", "CircusLib\CircusLib.csproj", "{1C6A00AA-4D44-467B-91EC-B63CCD639F97}"
EndProject
Project("{FAE04EC0-301F-11D3-BF4B-00C04F79EFBC}") = "CircusTestsLib", "CircusTestsLib\CircusTestsLib.csproj", "{0EB987AD-7CC4-4107-9007-9637DD5EA2DD}"
EndProject
Project("{2150E333-8FDC-42A3-9474-1A3956D46DE8}") = "Varukorg", "Varukorg", "{9A3E3E4E-1FFA-4D66-8988-EBF69D451FA3}"
EndProject
Project("{FAE04EC0-301F-11D3-BF4B-00C04F79EFBC}") = "VarukorgLib", "VarukorgLib\VarukorgLib.csproj", "{492B07B0-9E48-4BBC-B745-E9852197F389}"
EndProject
Project("{FAE04EC0-301F-11D3-BF4B-00C04F79EFBC}") = "VarukorgTestsLib", "VarukorgTestsLib\VarukorgTestsLib.csproj", "{0D37218F-F88F-43A7-AC1D-A86940D7785B}"
EndProject
Project("{2150E333-8FDC-42A3-9474-1A3956D46DE8}") = "Exam", "Exam", "{7D786327-C5CC-41D0-977C-AF639EEDE012}"
EndProject
Project("{FAE04EC0-301F-11D3-BF4B-00C04F79EFBC}") = "ExamTestsLib", "ExamTestsLib\ExamTestsLib.csproj", "{BD1451BF-F680-491B-9AB7-BBDAB546CDAA}"
EndProject
Project("{FAE04EC0-301F-11D3-BF4B-00C04F79EFBC}") = "ExamLib", "ExamLib\ExamLib.csproj", "{DB713141-C8C8-42A4-9F92-5FB6DBCB8ED4}"
EndProject
Project("{FAE04EC0-301F-11D3-BF4B-00C04F79EFBC}") = "ExamWindowsApp", "ExamWindowsApp\ExamWindowsApp.csproj", "{35D9315E-DA3F-45DF-B73C-82494333DD10}"
EndProject
Project("{2150E333-8FDC-42A3-9474-1A3956D46DE8}") = "GussNumber", "GussNumber", "{F5708547-FA5E-46FA-B2C9-1D1D4BA40F5F}"
EndProject
Project("{FAE04EC0-301F-11D3-BF4B-00C04F79EFBC}") = "GuessNumberTestLib", "GuessNumberTestLib\GuessNumberTestLib.csproj", "{947B7132-67AB-48DA-9596-D8533088499C}"
EndProject
Project("{9A19103F-16F7-4668-BE54-9A1E7A4F7556}") = "GuessNumberLib", "GuessNumberLib\GuessNumberLib.csproj", "{FF4EDB62-25E7-4FE5-93AB-8388A9475725}"
EndProject
Project("{FAE04EC0-301F-11D3-BF4B-00C04F79EFBC}") = "GuessNumberGui", "GuessNumberGui\GuessNumberGui.csproj", "{AB4AB6C3-C6E4-40E2-8A35-475A53FA12CA}"
EndProject
Project("{2150E333-8FDC-42A3-9474-1A3956D46DE8}") = "Tärningsspel", "Tärningsspel", "{BF60ECA0-DD06-4B7A-B404-7734C5663B58}"
EndProject
Project("{FAE04EC0-301F-11D3-BF4B-00C04F79EFBC}") = "ThrowDicesTestsLib", "ThrowDicesTestsLib\ThrowDicesTestsLib.csproj", "{8801AF44-1A9F-4F87-9FC2-3FF0DC3ACE7F}"
EndProject
Project("{9A19103F-16F7-4668-BE54-9A1E7A4F7556}") = "ThrowDicesLib", "ThrowDicesLib\ThrowDicesLib.csproj", "{DFE93028-70A6-4A0E-970E-4CD26A590A68}"
EndProject
Project("{2150E333-8FDC-42A3-9474-1A3956D46DE8}") = "OOP", "OOP", "{67FFAFC0-08EF-4BE8-93ED-EE24CE1E9D9F}"
EndProject
Project("{FAE04EC0-301F-11D3-BF4B-00C04F79EFBC}") = "ThrowDice", "ThrowDice\ThrowDice.csproj", "{EBBED69E-2566-4F87-ACA9-FD4136A013CA}"
EndProject
Project("{2150E333-8FDC-42A3-9474-1A3956D46DE8}") = "Schoolcount", "Schoolcount", "{060CD2AC-8E20-4F29-A8FC-E28048595A7F}"
EndProject
Project("{FAE04EC0-301F-11D3-BF4B-00C04F79EFBC}") = "SchoolCount", "SchoolCount\SchoolCount.csproj", "{C6FDB0E5-9395-465C-84C5-FCFC12C07F77}"
EndProject
Project("{2150E333-8FDC-42A3-9474-1A3956D46DE8}") = "Car", "Car", "{945B2C54-7E99-4D65-9D59-01E8F05AB933}"
EndProject
Project("{2150E333-8FDC-42A3-9474-1A3956D46DE8}") = "ByggHus", "ByggHus", "{400475EC-BA52-435C-A328-66436AB324C8}"
EndProject
Project("{FAE04EC0-301F-11D3-BF4B-00C04F79EFBC}") = "ByggaHusTests", "ByggaHusTests\ByggaHusTests.csproj", "{FA9B4AE8-741B-4E48-A771-F8EA65565183}"
EndProject
Project("{FAE04EC0-301F-11D3-BF4B-00C04F79EFBC}") = "ByggaHusLib", "ByggaHusLib\ByggaHusLib.csproj", "{A0969CAA-BC68-4B77-A9CE-2A614B698FE0}"
EndProject
Project("{FAE04EC0-301F-11D3-BF4B-00C04F79EFBC}") = "ByggahusApp", "ByggahusApp\ByggahusApp.csproj", "{284E491F-3127-4370-AAA8-86061942E7A6}"
EndProject
Project("{FAE04EC0-301F-11D3-BF4B-00C04F79EFBC}") = "CarBuilderApp", "CarBuilderApp\CarBuilderApp.csproj", "{866B1512-CE11-493E-AB21-D448EFC81638}"
EndProject
Project("{2150E333-8FDC-42A3-9474-1A3956D46DE8}") = "Part", "Part", "{F85F7952-F046-4594-B77B-A3550EE78A0B}"
EndProject
Project("{FAE04EC0-301F-11D3-BF4B-00C04F79EFBC}") = "PartTestsLib", "PartTestsLib\PartTestsLib.csproj", "{EE5F0DA6-8ACF-4318-B9C4-2C318352B060}"
EndProject
Project("{FAE04EC0-301F-11D3-BF4B-00C04F79EFBC}") = "PartLib", "PartLib\PartLib.csproj", "{1D45FCB9-359E-41B1-9BB2-288DA45354A3}"
EndProject
Project("{2150E333-8FDC-42A3-9474-1A3956D46DE8}") = "ConvertToUpperCase", "ConvertToUpperCase", "{9FE80105-0D45-4CFA-88D9-E780529CCDF9}"
EndProject
Project("{FAE04EC0-301F-11D3-BF4B-00C04F79EFBC}") = "WindowsFormsApp1", "WindowsFormsApp1\WindowsFormsApp1.csproj", "{5DBA4979-B5FD-444C-B18F-B62ADBF95834}"
EndProject
Project("{2150E333-8FDC-42A3-9474-1A3956D46DE8}") = "AddTwoFilesToThird", "AddTwoFilesToThird", "{D4DCEC5C-CADF-4693-B31E-73C5A5E5B353}"
EndProject
Project("{2150E333-8FDC-42A3-9474-1A3956D46DE8}") = "SlideShow", "SlideShow", "{45B3F779-69B1-4CF8-9B16-86670F1AB3D6}"
EndProject
Project("{FAE04EC0-301F-11D3-BF4B-00C04F79EFBC}") = "SlideshowApp", "SlideshowApp\SlideshowApp.csproj", "{988E2618-3880-4B53-9230-1559867418CB}"
EndProject
Project("{FAE04EC0-301F-11D3-BF4B-00C04F79EFBC}") = "AddTwoFilestoThird", "AddTwoFilestoThird\AddTwoFilestoThird.csproj", "{46E95F72-8FE9-487B-8908-504E31418BED}"
EndProject
Project("{2150E333-8FDC-42A3-9474-1A3956D46DE8}") = "Man eller Kvinna", "Man eller Kvinna", "{F98EA4C7-CDB5-4E38-8467-E91E50990111}"
EndProject
Project("{FAE04EC0-301F-11D3-BF4B-00C04F79EFBC}") = "WindowsFormsApp5", "WindowsFormsApp5\WindowsFormsApp5.csproj", "{DAF5BE02-3914-4785-A2ED-06859CC0D18D}"
EndProject
Project("{2150E333-8FDC-42A3-9474-1A3956D46DE8}") = "Person Number", "Person Number", "{1426198E-B60A-42B0-99C1-BF04258BD068}"
EndProject
Project("{FAE04EC0-301F-11D3-BF4B-00C04F79EFBC}") = "RäknaSistaSifro", "RäknaSistaSifro\RäknaSistaSifro.csproj", "{CF0C34C4-1DAE-47E0-B85C-643C99A16892}"
EndProject
Global
	GlobalSection(SolutionConfigurationPlatforms) = preSolution
		Debug|Any CPU = Debug|Any CPU
		Release|Any CPU = Release|Any CPU
	EndGlobalSection
	GlobalSection(ProjectConfigurationPlatforms) = postSolution
		{D9D6D3E4-C947-4279-B287-BB7907775DF0}.Debug|Any CPU.ActiveCfg = Debug|Any CPU
		{D9D6D3E4-C947-4279-B287-BB7907775DF0}.Debug|Any CPU.Build.0 = Debug|Any CPU
		{D9D6D3E4-C947-4279-B287-BB7907775DF0}.Release|Any CPU.ActiveCfg = Release|Any CPU
		{D9D6D3E4-C947-4279-B287-BB7907775DF0}.Release|Any CPU.Build.0 = Release|Any CPU
		{8C6BCFFC-5940-40D7-B3B3-1BF8174B96DE}.Debug|Any CPU.ActiveCfg = Debug|Any CPU
		{8C6BCFFC-5940-40D7-B3B3-1BF8174B96DE}.Debug|Any CPU.Build.0 = Debug|Any CPU
		{8C6BCFFC-5940-40D7-B3B3-1BF8174B96DE}.Release|Any CPU.ActiveCfg = Release|Any CPU
		{8C6BCFFC-5940-40D7-B3B3-1BF8174B96DE}.Release|Any CPU.Build.0 = Release|Any CPU
		{6158387E-763B-48BC-A815-5E503DCDCCF5}.Debug|Any CPU.ActiveCfg = Debug|Any CPU
		{6158387E-763B-48BC-A815-5E503DCDCCF5}.Debug|Any CPU.Build.0 = Debug|Any CPU
		{6158387E-763B-48BC-A815-5E503DCDCCF5}.Release|Any CPU.ActiveCfg = Release|Any CPU
		{6158387E-763B-48BC-A815-5E503DCDCCF5}.Release|Any CPU.Build.0 = Release|Any CPU
		{5A5B7DCB-290D-443B-B2B0-9F839540A5E6}.Debug|Any CPU.ActiveCfg = Debug|Any CPU
		{5A5B7DCB-290D-443B-B2B0-9F839540A5E6}.Debug|Any CPU.Build.0 = Debug|Any CPU
		{5A5B7DCB-290D-443B-B2B0-9F839540A5E6}.Release|Any CPU.ActiveCfg = Release|Any CPU
		{5A5B7DCB-290D-443B-B2B0-9F839540A5E6}.Release|Any CPU.Build.0 = Release|Any CPU
		{8CDA25F2-90B8-435E-9331-858EA828B694}.Debug|Any CPU.ActiveCfg = Debug|Any CPU
		{8CDA25F2-90B8-435E-9331-858EA828B694}.Debug|Any CPU.Build.0 = Debug|Any CPU
		{8CDA25F2-90B8-435E-9331-858EA828B694}.Release|Any CPU.ActiveCfg = Release|Any CPU
		{8CDA25F2-90B8-435E-9331-858EA828B694}.Release|Any CPU.Build.0 = Release|Any CPU
		{E256ED20-D881-42A1-B3A3-77BB1DF8E5E2}.Debug|Any CPU.ActiveCfg = Debug|Any CPU
		{E256ED20-D881-42A1-B3A3-77BB1DF8E5E2}.Debug|Any CPU.Build.0 = Debug|Any CPU
		{E256ED20-D881-42A1-B3A3-77BB1DF8E5E2}.Release|Any CPU.ActiveCfg = Release|Any CPU
		{E256ED20-D881-42A1-B3A3-77BB1DF8E5E2}.Release|Any CPU.Build.0 = Release|Any CPU
		{1C6A00AA-4D44-467B-91EC-B63CCD639F97}.Debug|Any CPU.ActiveCfg = Debug|Any CPU
		{1C6A00AA-4D44-467B-91EC-B63CCD639F97}.Debug|Any CPU.Build.0 = Debug|Any CPU
		{1C6A00AA-4D44-467B-91EC-B63CCD639F97}.Release|Any CPU.ActiveCfg = Release|Any CPU
		{1C6A00AA-4D44-467B-91EC-B63CCD639F97}.Release|Any CPU.Build.0 = Release|Any CPU
		{0EB987AD-7CC4-4107-9007-9637DD5EA2DD}.Debug|Any CPU.ActiveCfg = Debug|Any CPU
		{0EB987AD-7CC4-4107-9007-9637DD5EA2DD}.Debug|Any CPU.Build.0 = Debug|Any CPU
		{0EB987AD-7CC4-4107-9007-9637DD5EA2DD}.Release|Any CPU.ActiveCfg = Release|Any CPU
		{0EB987AD-7CC4-4107-9007-9637DD5EA2DD}.Release|Any CPU.Build.0 = Release|Any CPU
		{492B07B0-9E48-4BBC-B745-E9852197F389}.Debug|Any CPU.ActiveCfg = Debug|Any CPU
		{492B07B0-9E48-4BBC-B745-E9852197F389}.Debug|Any CPU.Build.0 = Debug|Any CPU
		{492B07B0-9E48-4BBC-B745-E9852197F389}.Release|Any CPU.ActiveCfg = Release|Any CPU
		{492B07B0-9E48-4BBC-B745-E9852197F389}.Release|Any CPU.Build.0 = Release|Any CPU
		{0D37218F-F88F-43A7-AC1D-A86940D7785B}.Debug|Any CPU.ActiveCfg = Debug|Any CPU
		{0D37218F-F88F-43A7-AC1D-A86940D7785B}.Debug|Any CPU.Build.0 = Debug|Any CPU
		{0D37218F-F88F-43A7-AC1D-A86940D7785B}.Release|Any CPU.ActiveCfg = Release|Any CPU
		{0D37218F-F88F-43A7-AC1D-A86940D7785B}.Release|Any CPU.Build.0 = Release|Any CPU
		{BD1451BF-F680-491B-9AB7-BBDAB546CDAA}.Debug|Any CPU.ActiveCfg = Debug|Any CPU
		{BD1451BF-F680-491B-9AB7-BBDAB546CDAA}.Debug|Any CPU.Build.0 = Debug|Any CPU
		{BD1451BF-F680-491B-9AB7-BBDAB546CDAA}.Release|Any CPU.ActiveCfg = Release|Any CPU
		{BD1451BF-F680-491B-9AB7-BBDAB546CDAA}.Release|Any CPU.Build.0 = Release|Any CPU
		{DB713141-C8C8-42A4-9F92-5FB6DBCB8ED4}.Debug|Any CPU.ActiveCfg = Debug|Any CPU
		{DB713141-C8C8-42A4-9F92-5FB6DBCB8ED4}.Debug|Any CPU.Build.0 = Debug|Any CPU
		{DB713141-C8C8-42A4-9F92-5FB6DBCB8ED4}.Release|Any CPU.ActiveCfg = Release|Any CPU
		{DB713141-C8C8-42A4-9F92-5FB6DBCB8ED4}.Release|Any CPU.Build.0 = Release|Any CPU
		{35D9315E-DA3F-45DF-B73C-82494333DD10}.Debug|Any CPU.ActiveCfg = Debug|Any CPU
		{35D9315E-DA3F-45DF-B73C-82494333DD10}.Debug|Any CPU.Build.0 = Debug|Any CPU
		{35D9315E-DA3F-45DF-B73C-82494333DD10}.Release|Any CPU.ActiveCfg = Release|Any CPU
		{35D9315E-DA3F-45DF-B73C-82494333DD10}.Release|Any CPU.Build.0 = Release|Any CPU
		{947B7132-67AB-48DA-9596-D8533088499C}.Debug|Any CPU.ActiveCfg = Debug|Any CPU
		{947B7132-67AB-48DA-9596-D8533088499C}.Debug|Any CPU.Build.0 = Debug|Any CPU
		{947B7132-67AB-48DA-9596-D8533088499C}.Release|Any CPU.ActiveCfg = Release|Any CPU
		{947B7132-67AB-48DA-9596-D8533088499C}.Release|Any CPU.Build.0 = Release|Any CPU
		{FF4EDB62-25E7-4FE5-93AB-8388A9475725}.Debug|Any CPU.ActiveCfg = Debug|Any CPU
		{FF4EDB62-25E7-4FE5-93AB-8388A9475725}.Debug|Any CPU.Build.0 = Debug|Any CPU
		{FF4EDB62-25E7-4FE5-93AB-8388A9475725}.Release|Any CPU.ActiveCfg = Release|Any CPU
		{FF4EDB62-25E7-4FE5-93AB-8388A9475725}.Release|Any CPU.Build.0 = Release|Any CPU
		{AB4AB6C3-C6E4-40E2-8A35-475A53FA12CA}.Debug|Any CPU.ActiveCfg = Debug|Any CPU
		{AB4AB6C3-C6E4-40E2-8A35-475A53FA12CA}.Debug|Any CPU.Build.0 = Debug|Any CPU
		{AB4AB6C3-C6E4-40E2-8A35-475A53FA12CA}.Release|Any CPU.ActiveCfg = Release|Any CPU
		{AB4AB6C3-C6E4-40E2-8A35-475A53FA12CA}.Release|Any CPU.Build.0 = Release|Any CPU
		{8801AF44-1A9F-4F87-9FC2-3FF0DC3ACE7F}.Debug|Any CPU.ActiveCfg = Debug|Any CPU
		{8801AF44-1A9F-4F87-9FC2-3FF0DC3ACE7F}.Debug|Any CPU.Build.0 = Debug|Any CPU
		{8801AF44-1A9F-4F87-9FC2-3FF0DC3ACE7F}.Release|Any CPU.ActiveCfg = Release|Any CPU
		{8801AF44-1A9F-4F87-9FC2-3FF0DC3ACE7F}.Release|Any CPU.Build.0 = Release|Any CPU
		{DFE93028-70A6-4A0E-970E-4CD26A590A68}.Debug|Any CPU.ActiveCfg = Debug|Any CPU
		{DFE93028-70A6-4A0E-970E-4CD26A590A68}.Debug|Any CPU.Build.0 = Debug|Any CPU
		{DFE93028-70A6-4A0E-970E-4CD26A590A68}.Release|Any CPU.ActiveCfg = Release|Any CPU
		{DFE93028-70A6-4A0E-970E-4CD26A590A68}.Release|Any CPU.Build.0 = Release|Any CPU
		{EBBED69E-2566-4F87-ACA9-FD4136A013CA}.Debug|Any CPU.ActiveCfg = Debug|Any CPU
		{EBBED69E-2566-4F87-ACA9-FD4136A013CA}.Debug|Any CPU.Build.0 = Debug|Any CPU
		{EBBED69E-2566-4F87-ACA9-FD4136A013CA}.Release|Any CPU.ActiveCfg = Release|Any CPU
		{EBBED69E-2566-4F87-ACA9-FD4136A013CA}.Release|Any CPU.Build.0 = Release|Any CPU
		{C6FDB0E5-9395-465C-84C5-FCFC12C07F77}.Debug|Any CPU.ActiveCfg = Debug|Any CPU
		{C6FDB0E5-9395-465C-84C5-FCFC12C07F77}.Debug|Any CPU.Build.0 = Debug|Any CPU
		{C6FDB0E5-9395-465C-84C5-FCFC12C07F77}.Release|Any CPU.ActiveCfg = Release|Any CPU
		{C6FDB0E5-9395-465C-84C5-FCFC12C07F77}.Release|Any CPU.Build.0 = Release|Any CPU
		{FA9B4AE8-741B-4E48-A771-F8EA65565183}.Debug|Any CPU.ActiveCfg = Debug|Any CPU
		{FA9B4AE8-741B-4E48-A771-F8EA65565183}.Debug|Any CPU.Build.0 = Debug|Any CPU
		{FA9B4AE8-741B-4E48-A771-F8EA65565183}.Release|Any CPU.ActiveCfg = Release|Any CPU
		{FA9B4AE8-741B-4E48-A771-F8EA65565183}.Release|Any CPU.Build.0 = Release|Any CPU
		{A0969CAA-BC68-4B77-A9CE-2A614B698FE0}.Debug|Any CPU.ActiveCfg = Debug|Any CPU
		{A0969CAA-BC68-4B77-A9CE-2A614B698FE0}.Debug|Any CPU.Build.0 = Debug|Any CPU
		{A0969CAA-BC68-4B77-A9CE-2A614B698FE0}.Release|Any CPU.ActiveCfg = Release|Any CPU
		{A0969CAA-BC68-4B77-A9CE-2A614B698FE0}.Release|Any CPU.Build.0 = Release|Any CPU
		{284E491F-3127-4370-AAA8-86061942E7A6}.Debug|Any CPU.ActiveCfg = Debug|Any CPU
		{284E491F-3127-4370-AAA8-86061942E7A6}.Debug|Any CPU.Build.0 = Debug|Any CPU
		{284E491F-3127-4370-AAA8-86061942E7A6}.Release|Any CPU.ActiveCfg = Release|Any CPU
		{284E491F-3127-4370-AAA8-86061942E7A6}.Release|Any CPU.Build.0 = Release|Any CPU
		{866B1512-CE11-493E-AB21-D448EFC81638}.Debug|Any CPU.ActiveCfg = Debug|Any CPU
		{866B1512-CE11-493E-AB21-D448EFC81638}.Debug|Any CPU.Build.0 = Debug|Any CPU
		{866B1512-CE11-493E-AB21-D448EFC81638}.Release|Any CPU.ActiveCfg = Release|Any CPU
		{866B1512-CE11-493E-AB21-D448EFC81638}.Release|Any CPU.Build.0 = Release|Any CPU
		{EE5F0DA6-8ACF-4318-B9C4-2C318352B060}.Debug|Any CPU.ActiveCfg = Debug|Any CPU
		{EE5F0DA6-8ACF-4318-B9C4-2C318352B060}.Debug|Any CPU.Build.0 = Debug|Any CPU
		{EE5F0DA6-8ACF-4318-B9C4-2C318352B060}.Release|Any CPU.ActiveCfg = Release|Any CPU
		{EE5F0DA6-8ACF-4318-B9C4-2C318352B060}.Release|Any CPU.Build.0 = Release|Any CPU
		{1D45FCB9-359E-41B1-9BB2-288DA45354A3}.Debug|Any CPU.ActiveCfg = Debug|Any CPU
		{1D45FCB9-359E-41B1-9BB2-288DA45354A3}.Debug|Any CPU.Build.0 = Debug|Any CPU
		{1D45FCB9-359E-41B1-9BB2-288DA45354A3}.Release|Any CPU.ActiveCfg = Release|Any CPU
		{1D45FCB9-359E-41B1-9BB2-288DA45354A3}.Release|Any CPU.Build.0 = Release|Any CPU
		{5DBA4979-B5FD-444C-B18F-B62ADBF95834}.Debug|Any CPU.ActiveCfg = Debug|Any CPU
		{5DBA4979-B5FD-444C-B18F-B62ADBF95834}.Debug|Any CPU.Build.0 = Debug|Any CPU
		{5DBA4979-B5FD-444C-B18F-B62ADBF95834}.Release|Any CPU.ActiveCfg = Release|Any CPU
		{5DBA4979-B5FD-444C-B18F-B62ADBF95834}.Release|Any CPU.Build.0 = Release|Any CPU
		{988E2618-3880-4B53-9230-1559867418CB}.Debug|Any CPU.ActiveCfg = Debug|Any CPU
		{988E2618-3880-4B53-9230-1559867418CB}.Debug|Any CPU.Build.0 = Debug|Any CPU
		{988E2618-3880-4B53-9230-1559867418CB}.Release|Any CPU.ActiveCfg = Release|Any CPU
		{988E2618-3880-4B53-9230-1559867418CB}.Release|Any CPU.Build.0 = Release|Any CPU
		{46E95F72-8FE9-487B-8908-504E31418BED}.Debug|Any CPU.ActiveCfg = Debug|Any CPU
		{46E95F72-8FE9-487B-8908-504E31418BED}.Debug|Any CPU.Build.0 = Debug|Any CPU
		{46E95F72-8FE9-487B-8908-504E31418BED}.Release|Any CPU.ActiveCfg = Release|Any CPU
		{46E95F72-8FE9-487B-8908-504E31418BED}.Release|Any CPU.Build.0 = Release|Any CPU
		{DAF5BE02-3914-4785-A2ED-06859CC0D18D}.Debug|Any CPU.ActiveCfg = Debug|Any CPU
		{DAF5BE02-3914-4785-A2ED-06859CC0D18D}.Debug|Any CPU.Build.0 = Debug|Any CPU
		{DAF5BE02-3914-4785-A2ED-06859CC0D18D}.Release|Any CPU.ActiveCfg = Release|Any CPU
		{DAF5BE02-3914-4785-A2ED-06859CC0D18D}.Release|Any CPU.Build.0 = Release|Any CPU
		{CF0C34C4-1DAE-47E0-B85C-643C99A16892}.Debug|Any CPU.ActiveCfg = Debug|Any CPU
		{CF0C34C4-1DAE-47E0-B85C-643C99A16892}.Debug|Any CPU.Build.0 = Debug|Any CPU
		{CF0C34C4-1DAE-47E0-B85C-643C99A16892}.Release|Any CPU.ActiveCfg = Release|Any CPU
		{CF0C34C4-1DAE-47E0-B85C-643C99A16892}.Release|Any CPU.Build.0 = Release|Any CPU
	EndGlobalSection
	GlobalSection(SolutionProperties) = preSolution
		HideSolutionNode = FALSE
	EndGlobalSection
	GlobalSection(NestedProjects) = preSolution
		{D9D6D3E4-C947-4279-B287-BB7907775DF0} = {9AE29A58-965F-4E4B-8D55-8257BAA262F5}
		{8C6BCFFC-5940-40D7-B3B3-1BF8174B96DE} = {9AE29A58-965F-4E4B-8D55-8257BAA262F5}
		{6158387E-763B-48BC-A815-5E503DCDCCF5} = {0425E06C-44E2-434F-AA7B-08E178604708}
		{5A5B7DCB-290D-443B-B2B0-9F839540A5E6} = {A2339B69-FB2E-4F65-ACE2-F7C7D42A128A}
		{8CDA25F2-90B8-435E-9331-858EA828B694} = {A2339B69-FB2E-4F65-ACE2-F7C7D42A128A}
		{E256ED20-D881-42A1-B3A3-77BB1DF8E5E2} = {A2339B69-FB2E-4F65-ACE2-F7C7D42A128A}
		{1C6A00AA-4D44-467B-91EC-B63CCD639F97} = {1BAE579C-06B0-477D-9A6F-6F2EB471253C}
		{0EB987AD-7CC4-4107-9007-9637DD5EA2DD} = {1BAE579C-06B0-477D-9A6F-6F2EB471253C}
		{492B07B0-9E48-4BBC-B745-E9852197F389} = {9A3E3E4E-1FFA-4D66-8988-EBF69D451FA3}
		{0D37218F-F88F-43A7-AC1D-A86940D7785B} = {9A3E3E4E-1FFA-4D66-8988-EBF69D451FA3}
		{BD1451BF-F680-491B-9AB7-BBDAB546CDAA} = {7D786327-C5CC-41D0-977C-AF639EEDE012}
		{DB713141-C8C8-42A4-9F92-5FB6DBCB8ED4} = {7D786327-C5CC-41D0-977C-AF639EEDE012}
		{35D9315E-DA3F-45DF-B73C-82494333DD10} = {7D786327-C5CC-41D0-977C-AF639EEDE012}
		{947B7132-67AB-48DA-9596-D8533088499C} = {F5708547-FA5E-46FA-B2C9-1D1D4BA40F5F}
		{FF4EDB62-25E7-4FE5-93AB-8388A9475725} = {F5708547-FA5E-46FA-B2C9-1D1D4BA40F5F}
		{AB4AB6C3-C6E4-40E2-8A35-475A53FA12CA} = {F5708547-FA5E-46FA-B2C9-1D1D4BA40F5F}
		{8801AF44-1A9F-4F87-9FC2-3FF0DC3ACE7F} = {BF60ECA0-DD06-4B7A-B404-7734C5663B58}
		{DFE93028-70A6-4A0E-970E-4CD26A590A68} = {BF60ECA0-DD06-4B7A-B404-7734C5663B58}
		{EBBED69E-2566-4F87-ACA9-FD4136A013CA} = {BF60ECA0-DD06-4B7A-B404-7734C5663B58}
		{060CD2AC-8E20-4F29-A8FC-E28048595A7F} = {67FFAFC0-08EF-4BE8-93ED-EE24CE1E9D9F}
		{C6FDB0E5-9395-465C-84C5-FCFC12C07F77} = {060CD2AC-8E20-4F29-A8FC-E28048595A7F}
		{945B2C54-7E99-4D65-9D59-01E8F05AB933} = {67FFAFC0-08EF-4BE8-93ED-EE24CE1E9D9F}
		{FA9B4AE8-741B-4E48-A771-F8EA65565183} = {400475EC-BA52-435C-A328-66436AB324C8}
		{A0969CAA-BC68-4B77-A9CE-2A614B698FE0} = {400475EC-BA52-435C-A328-66436AB324C8}
		{284E491F-3127-4370-AAA8-86061942E7A6} = {400475EC-BA52-435C-A328-66436AB324C8}
		{866B1512-CE11-493E-AB21-D448EFC81638} = {945B2C54-7E99-4D65-9D59-01E8F05AB933}
		{EE5F0DA6-8ACF-4318-B9C4-2C318352B060} = {F85F7952-F046-4594-B77B-A3550EE78A0B}
		{1D45FCB9-359E-41B1-9BB2-288DA45354A3} = {F85F7952-F046-4594-B77B-A3550EE78A0B}
		{5DBA4979-B5FD-444C-B18F-B62ADBF95834} = {9FE80105-0D45-4CFA-88D9-E780529CCDF9}
		{988E2618-3880-4B53-9230-1559867418CB} = {45B3F779-69B1-4CF8-9B16-86670F1AB3D6}
		{46E95F72-8FE9-487B-8908-504E31418BED} = {D4DCEC5C-CADF-4693-B31E-73C5A5E5B353}
		{DAF5BE02-3914-4785-A2ED-06859CC0D18D} = {F98EA4C7-CDB5-4E38-8467-E91E50990111}
		{CF0C34C4-1DAE-47E0-B85C-643C99A16892} = {1426198E-B60A-42B0-99C1-BF04258BD068}
	EndGlobalSection
	GlobalSection(ExtensibilityGlobals) = postSolution
		SolutionGuid = {F0C6579F-E23A-4D1D-A276-C8A9AEFDA67B}
	EndGlobalSection
EndGlobal
