
Microsoft Visual Studio Solution File, Format Version 12.00
# Visual Studio 15
VisualStudioVersion = 15.0.27004.2005
MinimumVisualStudioVersion = 10.0.40219.1
Project("{FAE04EC0-301F-11D3-BF4B-00C04F79EFBC}") = "MultiplierTestsLib", "MultiplierTestsLib\MultiplierTestsLib.csproj", "{D9D6D3E4-C947-4279-B287-BB7907775DF0}"
EndProject
Project("{FAE04EC0-301F-11D3-BF4B-00C04F79EFBC}") = "MultiplierLib", "MultiplierLib\MultiplierLib.csproj", "{8C6BCFFC-5940-40D7-B3B3-1BF8174B96DE}"
EndProject
Project("{2150E333-8FDC-42A3-9474-1A3956D46DE8}") = "Multiplier(Date,fileConvert,List)", "Multiplier(Date,fileConvert,List)", "{9AE29A58-965F-4E4B-8D55-8257BAA262F5}"
	ProjectSection(SolutionItems) = preProject
		Description.txt = Description.txt
	EndProjectSection
EndProject
Project("{2150E333-8FDC-42A3-9474-1A3956D46DE8}") = "Demo(TV Price)", "Demo(TV Price)", "{0425E06C-44E2-434F-AA7B-08E178604708}"
EndProject
Project("{FAE04EC0-301F-11D3-BF4B-00C04F79EFBC}") = "Demo_01", "Demo_01\Demo_01.csproj", "{6158387E-763B-48BC-A815-5E503DCDCCF5}"
EndProject
Project("{2150E333-8FDC-42A3-9474-1A3956D46DE8}") = "Storyteller(Linda should be scary)", "Storyteller(Linda should be scary)", "{A2339B69-FB2E-4F65-ACE2-F7C7D42A128A}"
	ProjectSection(SolutionItems) = preProject
		Description2.txt = Description2.txt
	EndProjectSection
EndProject
Project("{FAE04EC0-301F-11D3-BF4B-00C04F79EFBC}") = "StoretellerTestsLib", "StoretellerTestsLib\StoretellerTestsLib.csproj", "{5A5B7DCB-290D-443B-B2B0-9F839540A5E6}"
EndProject
Project("{FAE04EC0-301F-11D3-BF4B-00C04F79EFBC}") = "StoretellerLib", "StoretellerLib\StoretellerLib.csproj", "{8CDA25F2-90B8-435E-9331-858EA828B694}"
EndProject
Project("{FAE04EC0-301F-11D3-BF4B-00C04F79EFBC}") = "StorytellerWindowsApp", "StorytellerWindowsApp\StorytellerWindowsApp.csproj", "{E256ED20-D881-42A1-B3A3-77BB1DF8E5E2}"
EndProject
Project("{2150E333-8FDC-42A3-9474-1A3956D46DE8}") = "Circus", "Circus", "{1BAE579C-06B0-477D-9A6F-6F2EB471253C}"
	ProjectSection(SolutionItems) = preProject
		Description4.txt = Description4.txt
	EndProjectSection
EndProject
Project("{FAE04EC0-301F-11D3-BF4B-00C04F79EFBC}") = "CircusLib", "CircusLib\CircusLib.csproj", "{1C6A00AA-4D44-467B-91EC-B63CCD639F97}"
EndProject
Project("{FAE04EC0-301F-11D3-BF4B-00C04F79EFBC}") = "CircusTestsLib", "CircusTestsLib\CircusTestsLib.csproj", "{0EB987AD-7CC4-4107-9007-9637DD5EA2DD}"
EndProject
Project("{2150E333-8FDC-42A3-9474-1A3956D46DE8}") = "Varukorg", "Varukorg", "{9A3E3E4E-1FFA-4D66-8988-EBF69D451FA3}"
	ProjectSection(SolutionItems) = preProject
		Description3.txt = Description3.txt
	EndProjectSection
EndProject
Project("{FAE04EC0-301F-11D3-BF4B-00C04F79EFBC}") = "VarukorgLib", "VarukorgLib\VarukorgLib.csproj", "{492B07B0-9E48-4BBC-B745-E9852197F389}"
EndProject
Project("{FAE04EC0-301F-11D3-BF4B-00C04F79EFBC}") = "VarukorgTestsLib", "VarukorgTestsLib\VarukorgTestsLib.csproj", "{0D37218F-F88F-43A7-AC1D-A86940D7785B}"
EndProject
Project("{2150E333-8FDC-42A3-9474-1A3956D46DE8}") = "Exam(Total Betyg)", "Exam(Total Betyg)", "{7D786327-C5CC-41D0-977C-AF639EEDE012}"
	ProjectSection(SolutionItems) = preProject
		Description5.txt = Description5.txt
	EndProjectSection
EndProject
Project("{FAE04EC0-301F-11D3-BF4B-00C04F79EFBC}") = "ExamTestsLib", "ExamTestsLib\ExamTestsLib.csproj", "{BD1451BF-F680-491B-9AB7-BBDAB546CDAA}"
EndProject
Project("{FAE04EC0-301F-11D3-BF4B-00C04F79EFBC}") = "ExamLib", "ExamLib\ExamLib.csproj", "{DB713141-C8C8-42A4-9F92-5FB6DBCB8ED4}"
EndProject
Project("{FAE04EC0-301F-11D3-BF4B-00C04F79EFBC}") = "ExamWindowsApp", "ExamWindowsApp\ExamWindowsApp.csproj", "{35D9315E-DA3F-45DF-B73C-82494333DD10}"
EndProject
Project("{2150E333-8FDC-42A3-9474-1A3956D46DE8}") = "GussNumber", "GussNumber", "{F5708547-FA5E-46FA-B2C9-1D1D4BA40F5F}"
EndProject
Project("{FAE04EC0-301F-11D3-BF4B-00C04F79EFBC}") = "GuessNumberTestLib", "GuessNumberTestLib\GuessNumberTestLib.csproj", "{947B7132-67AB-48DA-9596-D8533088499C}"
EndProject
Project("{9A19103F-16F7-4668-BE54-9A1E7A4F7556}") = "GuessNumberLib", "GuessNumberLib\GuessNumberLib.csproj", "{FF4EDB62-25E7-4FE5-93AB-8388A9475725}"
EndProject
Project("{FAE04EC0-301F-11D3-BF4B-00C04F79EFBC}") = "GuessNumberGui", "GuessNumberGui\GuessNumberGui.csproj", "{AB4AB6C3-C6E4-40E2-8A35-475A53FA12CA}"
EndProject
Project("{2150E333-8FDC-42A3-9474-1A3956D46DE8}") = "Tärningsspel(ThrowDices)", "Tärningsspel(ThrowDices)", "{BF60ECA0-DD06-4B7A-B404-7734C5663B58}"
EndProject
Project("{FAE04EC0-301F-11D3-BF4B-00C04F79EFBC}") = "ThrowDicesTestsLib", "ThrowDicesTestsLib\ThrowDicesTestsLib.csproj", "{8801AF44-1A9F-4F87-9FC2-3FF0DC3ACE7F}"
EndProject
Project("{9A19103F-16F7-4668-BE54-9A1E7A4F7556}") = "ThrowDicesLib", "ThrowDicesLib\ThrowDicesLib.csproj", "{DFE93028-70A6-4A0E-970E-4CD26A590A68}"
EndProject
Project("{2150E333-8FDC-42A3-9474-1A3956D46DE8}") = "OOP", "OOP", "{67FFAFC0-08EF-4BE8-93ED-EE24CE1E9D9F}"
EndProject
Project("{FAE04EC0-301F-11D3-BF4B-00C04F79EFBC}") = "ThrowDice", "ThrowDice\ThrowDice.csproj", "{EBBED69E-2566-4F87-ACA9-FD4136A013CA}"
EndProject
Project("{2150E333-8FDC-42A3-9474-1A3956D46DE8}") = "Schoolcount(Anta Studier i Skolan)", "Schoolcount(Anta Studier i Skolan)", "{060CD2AC-8E20-4F29-A8FC-E28048595A7F}"
	ProjectSection(SolutionItems) = preProject
		Description6.txt = Description6.txt
	EndProjectSection
EndProject
Project("{FAE04EC0-301F-11D3-BF4B-00C04F79EFBC}") = "SchoolCount", "SchoolCount\SchoolCount.csproj", "{C6FDB0E5-9395-465C-84C5-FCFC12C07F77}"
EndProject
Project("{2150E333-8FDC-42A3-9474-1A3956D46DE8}") = "Car", "Car", "{945B2C54-7E99-4D65-9D59-01E8F05AB933}"
EndProject
Project("{2150E333-8FDC-42A3-9474-1A3956D46DE8}") = "ByggHus", "ByggHus", "{400475EC-BA52-435C-A328-66436AB324C8}"
	ProjectSection(SolutionItems) = preProject
		Description8.txt = Description8.txt
	EndProjectSection
EndProject
Project("{FAE04EC0-301F-11D3-BF4B-00C04F79EFBC}") = "ByggaHusTests", "ByggaHusTests\ByggaHusTests.csproj", "{FA9B4AE8-741B-4E48-A771-F8EA65565183}"
EndProject
Project("{FAE04EC0-301F-11D3-BF4B-00C04F79EFBC}") = "ByggaHusLib", "ByggaHusLib\ByggaHusLib.csproj", "{A0969CAA-BC68-4B77-A9CE-2A614B698FE0}"
EndProject
Project("{FAE04EC0-301F-11D3-BF4B-00C04F79EFBC}") = "ByggahusApp", "ByggahusApp\ByggahusApp.csproj", "{284E491F-3127-4370-AAA8-86061942E7A6}"
EndProject
Project("{FAE04EC0-301F-11D3-BF4B-00C04F79EFBC}") = "CarBuilderApp", "CarBuilderApp\CarBuilderApp.csproj", "{866B1512-CE11-493E-AB21-D448EFC81638}"
EndProject
Project("{2150E333-8FDC-42A3-9474-1A3956D46DE8}") = "Part(Ansvarig)", "Part(Ansvarig)", "{F85F7952-F046-4594-B77B-A3550EE78A0B}"
	ProjectSection(SolutionItems) = preProject
		Description7.txt = Description7.txt
	EndProjectSection
EndProject
Project("{FAE04EC0-301F-11D3-BF4B-00C04F79EFBC}") = "PartTestsLib", "PartTestsLib\PartTestsLib.csproj", "{EE5F0DA6-8ACF-4318-B9C4-2C318352B060}"
EndProject
Project("{FAE04EC0-301F-11D3-BF4B-00C04F79EFBC}") = "PartLib", "PartLib\PartLib.csproj", "{1D45FCB9-359E-41B1-9BB2-288DA45354A3}"
EndProject
Project("{2150E333-8FDC-42A3-9474-1A3956D46DE8}") = "ConvertToUpperCase", "ConvertToUpperCase", "{9FE80105-0D45-4CFA-88D9-E780529CCDF9}"
EndProject
Project("{FAE04EC0-301F-11D3-BF4B-00C04F79EFBC}") = "WindowsFormsApp1", "WindowsFormsApp1\WindowsFormsApp1.csproj", "{5DBA4979-B5FD-444C-B18F-B62ADBF95834}"
EndProject
Project("{2150E333-8FDC-42A3-9474-1A3956D46DE8}") = "AddTwoFilesToThird", "AddTwoFilesToThird", "{D4DCEC5C-CADF-4693-B31E-73C5A5E5B353}"
	ProjectSection(SolutionItems) = preProject
		Description9.txt = Description9.txt
	EndProjectSection
EndProject
Project("{2150E333-8FDC-42A3-9474-1A3956D46DE8}") = "SlideShow", "SlideShow", "{45B3F779-69B1-4CF8-9B16-86670F1AB3D6}"
	ProjectSection(SolutionItems) = preProject
		Description12.txt = Description12.txt
	EndProjectSection
EndProject
Project("{FAE04EC0-301F-11D3-BF4B-00C04F79EFBC}") = "SlideshowApp", "SlideshowApp\SlideshowApp.csproj", "{988E2618-3880-4B53-9230-1559867418CB}"
EndProject
Project("{FAE04EC0-301F-11D3-BF4B-00C04F79EFBC}") = "AddTwoFilestoThird", "AddTwoFilestoThird\AddTwoFilestoThird.csproj", "{46E95F72-8FE9-487B-8908-504E31418BED}"
EndProject
Project("{2150E333-8FDC-42A3-9474-1A3956D46DE8}") = "Man eller Kvinna", "Man eller Kvinna", "{F98EA4C7-CDB5-4E38-8467-E91E50990111}"
	ProjectSection(SolutionItems) = preProject
		Description13.txt = Description13.txt
	EndProjectSection
EndProject
Project("{FAE04EC0-301F-11D3-BF4B-00C04F79EFBC}") = "WindowsFormsApp5", "WindowsFormsApp5\WindowsFormsApp5.csproj", "{DAF5BE02-3914-4785-A2ED-06859CC0D18D}"
EndProject
Project("{2150E333-8FDC-42A3-9474-1A3956D46DE8}") = "Person Number", "Person Number", "{1426198E-B60A-42B0-99C1-BF04258BD068}"
	ProjectSection(SolutionItems) = preProject
		Description14.txt = Description14.txt
	EndProjectSection
EndProject
Project("{FAE04EC0-301F-11D3-BF4B-00C04F79EFBC}") = "RäknaSistaSifro", "RäknaSistaSifro\RäknaSistaSifro.csproj", "{CF0C34C4-1DAE-47E0-B85C-643C99A16892}"
EndProject
Project("{2150E333-8FDC-42A3-9474-1A3956D46DE8}") = "Muses", "Muses", "{329CBB53-EEF4-41D0-BC1E-EFBE78DAD18E}"
EndProject
Project("{2150E333-8FDC-42A3-9474-1A3956D46DE8}") = "Mattias", "Mattias", "{DB3E6709-2DAB-41D1-A544-69D21147B78E}"
EndProject
Project("{2150E333-8FDC-42A3-9474-1A3956D46DE8}") = "Mattias", "Mattias", "{9A58B6BC-C808-41B5-A70E-B4AB6713118F}"
EndProject
Project("{FAE04EC0-301F-11D3-BF4B-00C04F79EFBC}") = "PersonnummerLibTests", "PersonnummerLibTests\PersonnummerLibTests.csproj", "{7DC27A66-9E0D-4AAB-9B24-D08FD5C63513}"
EndProject
Project("{FAE04EC0-301F-11D3-BF4B-00C04F79EFBC}") = "PersonnummerLib", "PersonnummerLib\PersonnummerLib.csproj", "{FEF44241-872D-49CB-911A-531E1AB03ADB}"
EndProject
Project("{2150E333-8FDC-42A3-9474-1A3956D46DE8}") = "Amin", "Amin", "{02935DCD-AC89-4E3C-AE3C-67C91079A2E0}"
EndProject
Project("{FAE04EC0-301F-11D3-BF4B-00C04F79EFBC}") = "PersonnummerLibTests2", "PersonnummerLibTests2\PersonnummerLibTests2.csproj", "{4A78796E-3FA5-4816-AE75-D565D95C99D9}"
EndProject
Project("{FAE04EC0-301F-11D3-BF4B-00C04F79EFBC}") = "PersonnummerLib2", "PersonnummerLib2\PersonnummerLib2.csproj", "{F8FB48D1-5D2F-4FF7-ACA1-9E40920FBFB2}"
EndProject
Project("{FAE04EC0-301F-11D3-BF4B-00C04F79EFBC}") = "PersonnummerApp", "PersonnummerApp\PersonnummerApp.csproj", "{C2C87536-FDC6-4BF4-A084-D4BA67DACDF9}"
EndProject
Project("{FAE04EC0-301F-11D3-BF4B-00C04F79EFBC}") = "PersonnummerCalcLib", "PersonnummerCalcLib\PersonnummerCalcLib.csproj", "{2AF9390F-1F22-4570-B590-A4BE612FB370}"
EndProject
Project("{FAE04EC0-301F-11D3-BF4B-00C04F79EFBC}") = "PersonnummerApp2", "PersonnummerApp2\PersonnummerApp2.csproj", "{36260F48-B5E5-4C24-BE03-4D735F08266C}"
EndProject
Project("{2150E333-8FDC-42A3-9474-1A3956D46DE8}") = "Regex", "Regex", "{B29AFE1E-EF5E-469F-AD3D-619EC7FCC90A}"
EndProject
Project("{FAE04EC0-301F-11D3-BF4B-00C04F79EFBC}") = "RegexProject", "RegexProject\RegexProject.csproj", "{9995C202-A33D-4E60-A216-E74256DC7294}"
EndProject
Project("{2150E333-8FDC-42A3-9474-1A3956D46DE8}") = "Regex Convert", "Regex Convert", "{A93B4B9B-484A-466B-BE2B-D0612BA63B2B}"
	ProjectSection(SolutionItems) = preProject
		Description16.txt = Description16.txt
	EndProjectSection
EndProject
Project("{FAE04EC0-301F-11D3-BF4B-00C04F79EFBC}") = "RegexConvert", "RegexConvert\RegexConvert.csproj", "{AC0FC23E-ECF0-403F-9EFF-0049CAADB570}"
EndProject
Project("{FAE04EC0-301F-11D3-BF4B-00C04F79EFBC}") = "EmployeeLib", "EmployeeLib\EmployeeLib.csproj", "{42717DF2-2D31-4271-A21D-CA1DFFBA8C2F}"
EndProject
Project("{2150E333-8FDC-42A3-9474-1A3956D46DE8}") = "Utbildning Timmar", "Utbildning Timmar", "{3302C5F3-DC0E-4491-8C40-607C024B45FE}"
	ProjectSection(SolutionItems) = preProject
		Description15.txt = Description15.txt
	EndProjectSection
EndProject
Project("{2150E333-8FDC-42A3-9474-1A3956D46DE8}") = "consoleApp", "consoleApp", "{E817234A-9F5A-4F19-9070-A7F7CD7992CE}"
EndProject
Project("{2150E333-8FDC-42A3-9474-1A3956D46DE8}") = "Windows Form", "Windows Form", "{F0E8CA84-50DB-4E0C-9D5D-E429F20AEE18}"
EndProject
Project("{FAE04EC0-301F-11D3-BF4B-00C04F79EFBC}") = "PershonNumberApp6", "PershonNumberApp6\PershonNumberApp6.csproj", "{979ADE44-2FCF-428C-A0EB-017D50CBFA84}"
EndProject
Project("{FAE04EC0-301F-11D3-BF4B-00C04F79EFBC}") = "PershonNumberLib", "PershonNumberLib\PershonNumberLib.csproj", "{082D7792-6AB2-417C-9D14-6A5C27E56C56}"
EndProject
Project("{2150E333-8FDC-42A3-9474-1A3956D46DE8}") = "RecursiveAcccounts", "RecursiveAcccounts", "{19651EBE-4E3F-47F2-B68A-1977EF57222F}"
EndProject
Project("{9A19103F-16F7-4668-BE54-9A1E7A4F7556}") = "AccountLib", "AccountLib\AccountLib.csproj", "{049CB96C-B534-4735-A492-9C8F2B0721D6}"
EndProject
Project("{FAE04EC0-301F-11D3-BF4B-00C04F79EFBC}") = "AccountTestsLib", "AccountTestsLib\AccountTestsLib.csproj", "{7D5798CD-903E-4618-AA86-14BC84FF3117}"
EndProject
Project("{2150E333-8FDC-42A3-9474-1A3956D46DE8}") = "SIEImport(sortera 1010 5730.50)", "SIEImport(sortera 1010 5730.50)", "{75619802-11FE-4082-9BD6-7D10F9F13D87}"
	ProjectSection(SolutionItems) = preProject
		Description11.txt = Description11.txt
	EndProjectSection
EndProject
Project("{FAE04EC0-301F-11D3-BF4B-00C04F79EFBC}") = "SIEImportTests", "SIEImportTests\SIEImportTests.csproj", "{FADE32BE-3DD6-4CD5-BD75-88BA79B2D056}"
EndProject
Project("{2150E333-8FDC-42A3-9474-1A3956D46DE8}") = "RegexMatch(Antal ver)", "RegexMatch(Antal ver)", "{51AF7733-97EC-4E7A-AFF0-150685410892}"
	ProjectSection(SolutionItems) = preProject
		Description10.txt = Description10.txt
	EndProjectSection
EndProject
Project("{FAE04EC0-301F-11D3-BF4B-00C04F79EFBC}") = "RegexMatchCounterTests", "RegexMatchCounterTests\RegexMatchCounterTests.csproj", "{B0F7DBD6-9C5C-4B25-B155-CAAD24B55CAC}"
EndProject
Project("{9A19103F-16F7-4668-BE54-9A1E7A4F7556}") = "RegexMatchCounterLib", "RegexMatchCounterLib\RegexMatchCounterLib.csproj", "{E6343ED9-BFF6-4938-83F8-0649746A052C}"
EndProject
Project("{2150E333-8FDC-42A3-9474-1A3956D46DE8}") = "Calculator", "Calculator", "{F94CB209-6592-4633-A630-BED6FED129F6}"
EndProject
Project("{FAE04EC0-301F-11D3-BF4B-00C04F79EFBC}") = "CalculatorTestLib", "CalculatorTestLib\CalculatorTestLib.csproj", "{FD5E9C3E-27BC-4FD2-B027-337AA5C8EF3A}"
EndProject
Project("{9A19103F-16F7-4668-BE54-9A1E7A4F7556}") = "CalculatorLib", "CalculatorLib\CalculatorLib.csproj", "{95190FD9-62FE-4335-A0FF-F574C84FEB79}"
EndProject
Project("{FAE04EC0-301F-11D3-BF4B-00C04F79EFBC}") = "CalculatorFormsApp", "CalculatorFormsApp\CalculatorFormsApp.csproj", "{9E7DEDC6-FF5F-4D31-B84F-CD33464B74CD}"
EndProject
Project("{2150E333-8FDC-42A3-9474-1A3956D46DE8}") = "Grupera string", "Grupera string", "{DDD4ADB2-01ED-472B-AABC-4CB649ACBAF5}"
EndProject
Project("{2150E333-8FDC-42A3-9474-1A3956D46DE8}") = "FileHashes", "FileHashes", "{903B3ADF-0524-4DCB-9E97-841BEBEB77AD}"
EndProject
Project("{FAE04EC0-301F-11D3-BF4B-00C04F79EFBC}") = "HashesTests", "HashesTests\HashesTests.csproj", "{36E60EFC-497D-44F4-8FFB-48BCCDE28FDB}"
EndProject
Project("{FAE04EC0-301F-11D3-BF4B-00C04F79EFBC}") = "UtbildningLib", "UtbildningLib\UtbildningLib.csproj", "{0C26FBFE-C2B1-4725-BC0B-399658C7FEA7}"
EndProject
Project("{FAE04EC0-301F-11D3-BF4B-00C04F79EFBC}") = "UtbildningTestsLib", "UtbildningTestsLib\UtbildningTestsLib.csproj", "{846D7B5E-5CDF-4B9C-89FB-2382DE2EE06B}"
EndProject
Project("{2150E333-8FDC-42A3-9474-1A3956D46DE8}") = "Driving Journal", "Driving Journal", "{189DDD18-0877-4F69-8E0D-DABC27AAC094}"
	ProjectSection(SolutionItems) = preProject
		Drivers Journal Use Cases.txt = Drivers Journal Use Cases.txt
	EndProjectSection
EndProject
Project("{9A19103F-16F7-4668-BE54-9A1E7A4F7556}") = "DriverJournalLib", "DriverJournalLib\DriverJournalLib.csproj", "{58B7130A-C1F9-463C-808C-44A3D05ACFF1}"
EndProject
Project("{FAE04EC0-301F-11D3-BF4B-00C04F79EFBC}") = "DriverJournalTestsLib", "DriverJournalTestsLib\DriverJournalTestsLib.csproj", "{ECDB9E8D-521D-41EA-AFDD-5AD4F1E493CA}"
EndProject
Project("{FAE04EC0-301F-11D3-BF4B-00C04F79EFBC}") = "DriversJournalApp", "DriversJournalApp\DriversJournalApp.csproj", "{399778BC-6A97-43F2-9398-BB22F740389A}"
EndProject
Project("{2150E333-8FDC-42A3-9474-1A3956D46DE8}") = "School", "School", "{AA49458C-AB32-43D9-A6C2-6DFE9DA89D52}"
	ProjectSection(SolutionItems) = preProject
		Use Case.txt = Use Case.txt
	EndProjectSection
EndProject
Project("{FAE04EC0-301F-11D3-BF4B-00C04F79EFBC}") = "SchoolLib", "SchoolLib\SchoolLib.csproj", "{445638AB-6AFE-4EB8-9F0E-CB6B3D2DAD9F}"
EndProject
Project("{FAE04EC0-301F-11D3-BF4B-00C04F79EFBC}") = "SchoolTestsLib", "SchoolTestsLib\SchoolTestsLib.csproj", "{5ED4C5C5-8494-45AE-BABF-E0697DE684E6}"
EndProject
Project("{2150E333-8FDC-42A3-9474-1A3956D46DE8}") = "SimulateTime", "SimulateTime", "{260A044F-7278-4B62-835A-D672E17566D4}"
	ProjectSection(SolutionItems) = preProject
		use cases2.txt = use cases2.txt
	EndProjectSection
EndProject
Project("{FAE04EC0-301F-11D3-BF4B-00C04F79EFBC}") = "SimulateTimeTestsLib", "SimulateTimeTestsLib\SimulateTimeTestsLib.csproj", "{BF7EE276-B013-49B6-8C24-12A10A11CCD5}"
EndProject
Project("{9A19103F-16F7-4668-BE54-9A1E7A4F7556}") = "SimulateTimeLib", "SimulateTimeLib\SimulateTimeLib.csproj", "{9C7192BA-4537-415A-8D45-2907C2C36357}"
EndProject
Project("{2150E333-8FDC-42A3-9474-1A3956D46DE8}") = "CustomerService(ticket)", "CustomerService(ticket)", "{95D695EC-5BE7-4379-8C36-027185CCA283}"
	ProjectSection(SolutionItems) = preProject
		use Cases.txt = use Cases.txt
	EndProjectSection
EndProject
Project("{FAE04EC0-301F-11D3-BF4B-00C04F79EFBC}") = "CustomerServiceTestsLib", "CustomerServiceTestsLib\CustomerServiceTestsLib.csproj", "{CFDD7C46-A040-49AF-B049-F83DB74ABDAA}"
EndProject
Project("{9A19103F-16F7-4668-BE54-9A1E7A4F7556}") = "CustomerServiceLib", "CustomerServiceLib\CustomerServiceLib.csproj", "{F4E95F96-A0F3-4123-B421-AB9EFF43DE77}"
EndProject
Project("{2150E333-8FDC-42A3-9474-1A3956D46DE8}") = "Practice", "Practice", "{63DD4DFB-46CD-494E-8609-9E8EE2EADB30}"
EndProject
Project("{FAE04EC0-301F-11D3-BF4B-00C04F79EFBC}") = "PracticeApp", "PracticeApp\PracticeApp.csproj", "{21C14F05-C475-4716-BDCD-100CCD7A9889}"
EndProject
Project("{FAE04EC0-301F-11D3-BF4B-00C04F79EFBC}") = "PracticLib", "PracticLib\PracticLib.csproj", "{A788608C-954D-4616-A334-6A3089F8EB01}"
EndProject
Project("{FAE04EC0-301F-11D3-BF4B-00C04F79EFBC}") = "PracticeTestLib", "PracticeTestLib\PracticeTestLib.csproj", "{591235E0-6FA9-441F-824C-48B2C8B3453E}"
EndProject
Project("{2150E333-8FDC-42A3-9474-1A3956D46DE8}") = "SIE-bearbetning(total rader och belopp)", "SIE-bearbetning(total rader och belopp)", "{A31F17BB-F3BD-4725-AF6D-61711E40FDB9}"
	ProjectSection(SolutionItems) = preProject
		use case1.txt = use case1.txt
	EndProjectSection
EndProject
Project("{FAE04EC0-301F-11D3-BF4B-00C04F79EFBC}") = "SIEConsoleApp", "SIEConsoleApp\SIEConsoleApp.csproj", "{3B6699E2-117E-41DE-8C58-43E2AB7C9542}"
EndProject
Project("{9A19103F-16F7-4668-BE54-9A1E7A4F7556}") = "SIELib", "SIELib\SIELib.csproj", "{AFC7D475-1101-4FF8-8708-ABCCF44136C0}"
EndProject
Project("{2150E333-8FDC-42A3-9474-1A3956D46DE8}") = "SIE-summering(totalen per konto)", "SIE-summering(totalen per konto)", "{8423EE00-C471-4A47-8821-246E318756CC}"
	ProjectSection(SolutionItems) = preProject
		MATTIAS00_SIE4 2015-09-01 - 2016-08-31.SE.txt = MATTIAS00_SIE4 2015-09-01 - 2016-08-31.SE.txt
		use case2.txt = use case2.txt
	EndProjectSection
EndProject
Project("{FAE04EC0-301F-11D3-BF4B-00C04F79EFBC}") = "TotaltKonotoApp", "TotaltKonotoApp\TotaltKonotoApp.csproj", "{A2F92FB5-BE82-4A59-AF78-72B9D91E25F9}"
EndProject
Project("{9A19103F-16F7-4668-BE54-9A1E7A4F7556}") = "TotalKontoLib", "TotalKontoLib\TotalKontoLib.csproj", "{E5920FA3-E366-4C22-B3D6-DCE27EAF476F}"
EndProject
Project("{2150E333-8FDC-42A3-9474-1A3956D46DE8}") = "Faktura och bästelning", "Faktura och bästelning", "{2477470C-A083-44C9-92F0-9DA2E9928EC1}"
EndProject
Project("{FAE04EC0-301F-11D3-BF4B-00C04F79EFBC}") = "FakturaApp1", "FakturaApp1\FakturaApp1.csproj", "{C8F7AF72-3E24-43A1-90AB-A9FFBD5E3BBF}"
EndProject
Project("{FAE04EC0-301F-11D3-BF4B-00C04F79EFBC}") = "FakturaLib", "FakturaLib\FakturaLib.csproj", "{EF8EFD6C-2302-4105-88CC-34535C855CFC}"
EndProject
Project("{2150E333-8FDC-42A3-9474-1A3956D46DE8}") = "exemple", "exemple", "{1B69BC66-4186-4B6D-BA74-E9597560850D}"
EndProject
Project("{2150E333-8FDC-42A3-9474-1A3956D46DE8}") = "simple", "simple", "{11E069E5-FABD-4743-8AE4-FA78A778C49A}"
EndProject
Project("{2150E333-8FDC-42A3-9474-1A3956D46DE8}") = "Mattiad Link", "Mattiad Link", "{AFC8D1D6-9EFB-44EE-84B7-8D652851A396}"
EndProject
Project("{2150E333-8FDC-42A3-9474-1A3956D46DE8}") = "Marco", "Marco", "{08839E06-F222-440F-9D9E-401B999DF192}"
EndProject
Project("{FAE04EC0-301F-11D3-BF4B-00C04F79EFBC}") = "Bokföring", "Bokföring\Bokföring.csproj", "{E6D7CF1D-6126-4965-93B1-BF6506988F41}"
EndProject
Project("{2150E333-8FDC-42A3-9474-1A3956D46DE8}") = "ProductFromTwoFiles(file1 gånger file2)", "ProductFromTwoFiles(file1 gånger file2)", "{9C8A3866-7CCE-46CE-BE7B-EDF66F32EE72}"
	ProjectSection(SolutionItems) = preProject
		ReadMe.txt = ReadMe.txt
	EndProjectSection
EndProject
Project("{FAE04EC0-301F-11D3-BF4B-00C04F79EFBC}") = "TwoFileProductTestsLib", "TwoFileProductTestsLib\TwoFileProductTestsLib.csproj", "{4CB031D0-02EF-4E91-B76B-4EC5D615AF1D}"
EndProject
Project("{FAE04EC0-301F-11D3-BF4B-00C04F79EFBC}") = "TwoFilesProductLib", "TwoFilesProductLib\TwoFilesProductLib.csproj", "{9698C326-C469-4395-AA37-3D07BCD7D9EE}"
EndProject
Project("{FAE04EC0-301F-11D3-BF4B-00C04F79EFBC}") = "TwoFileProductApp", "TwoFileProductApp\TwoFileProductApp.csproj", "{C7E8E2A5-DE86-412B-B2F5-0F1E43F24804}"
EndProject
Global
	GlobalSection(SolutionConfigurationPlatforms) = preSolution
		Debug|Any CPU = Debug|Any CPU
		Release|Any CPU = Release|Any CPU
	EndGlobalSection
	GlobalSection(ProjectConfigurationPlatforms) = postSolution
		{D9D6D3E4-C947-4279-B287-BB7907775DF0}.Debug|Any CPU.ActiveCfg = Debug|Any CPU
		{D9D6D3E4-C947-4279-B287-BB7907775DF0}.Debug|Any CPU.Build.0 = Debug|Any CPU
		{D9D6D3E4-C947-4279-B287-BB7907775DF0}.Release|Any CPU.ActiveCfg = Release|Any CPU
		{D9D6D3E4-C947-4279-B287-BB7907775DF0}.Release|Any CPU.Build.0 = Release|Any CPU
		{8C6BCFFC-5940-40D7-B3B3-1BF8174B96DE}.Debug|Any CPU.ActiveCfg = Debug|Any CPU
		{8C6BCFFC-5940-40D7-B3B3-1BF8174B96DE}.Debug|Any CPU.Build.0 = Debug|Any CPU
		{8C6BCFFC-5940-40D7-B3B3-1BF8174B96DE}.Release|Any CPU.ActiveCfg = Release|Any CPU
		{8C6BCFFC-5940-40D7-B3B3-1BF8174B96DE}.Release|Any CPU.Build.0 = Release|Any CPU
		{6158387E-763B-48BC-A815-5E503DCDCCF5}.Debug|Any CPU.ActiveCfg = Debug|Any CPU
		{6158387E-763B-48BC-A815-5E503DCDCCF5}.Debug|Any CPU.Build.0 = Debug|Any CPU
		{6158387E-763B-48BC-A815-5E503DCDCCF5}.Release|Any CPU.ActiveCfg = Release|Any CPU
		{6158387E-763B-48BC-A815-5E503DCDCCF5}.Release|Any CPU.Build.0 = Release|Any CPU
		{5A5B7DCB-290D-443B-B2B0-9F839540A5E6}.Debug|Any CPU.ActiveCfg = Debug|Any CPU
		{5A5B7DCB-290D-443B-B2B0-9F839540A5E6}.Debug|Any CPU.Build.0 = Debug|Any CPU
		{5A5B7DCB-290D-443B-B2B0-9F839540A5E6}.Release|Any CPU.ActiveCfg = Release|Any CPU
		{5A5B7DCB-290D-443B-B2B0-9F839540A5E6}.Release|Any CPU.Build.0 = Release|Any CPU
		{8CDA25F2-90B8-435E-9331-858EA828B694}.Debug|Any CPU.ActiveCfg = Debug|Any CPU
		{8CDA25F2-90B8-435E-9331-858EA828B694}.Debug|Any CPU.Build.0 = Debug|Any CPU
		{8CDA25F2-90B8-435E-9331-858EA828B694}.Release|Any CPU.ActiveCfg = Release|Any CPU
		{8CDA25F2-90B8-435E-9331-858EA828B694}.Release|Any CPU.Build.0 = Release|Any CPU
		{E256ED20-D881-42A1-B3A3-77BB1DF8E5E2}.Debug|Any CPU.ActiveCfg = Debug|Any CPU
		{E256ED20-D881-42A1-B3A3-77BB1DF8E5E2}.Debug|Any CPU.Build.0 = Debug|Any CPU
		{E256ED20-D881-42A1-B3A3-77BB1DF8E5E2}.Release|Any CPU.ActiveCfg = Release|Any CPU
		{E256ED20-D881-42A1-B3A3-77BB1DF8E5E2}.Release|Any CPU.Build.0 = Release|Any CPU
		{1C6A00AA-4D44-467B-91EC-B63CCD639F97}.Debug|Any CPU.ActiveCfg = Debug|Any CPU
		{1C6A00AA-4D44-467B-91EC-B63CCD639F97}.Debug|Any CPU.Build.0 = Debug|Any CPU
		{1C6A00AA-4D44-467B-91EC-B63CCD639F97}.Release|Any CPU.ActiveCfg = Release|Any CPU
		{1C6A00AA-4D44-467B-91EC-B63CCD639F97}.Release|Any CPU.Build.0 = Release|Any CPU
		{0EB987AD-7CC4-4107-9007-9637DD5EA2DD}.Debug|Any CPU.ActiveCfg = Debug|Any CPU
		{0EB987AD-7CC4-4107-9007-9637DD5EA2DD}.Debug|Any CPU.Build.0 = Debug|Any CPU
		{0EB987AD-7CC4-4107-9007-9637DD5EA2DD}.Release|Any CPU.ActiveCfg = Release|Any CPU
		{0EB987AD-7CC4-4107-9007-9637DD5EA2DD}.Release|Any CPU.Build.0 = Release|Any CPU
		{492B07B0-9E48-4BBC-B745-E9852197F389}.Debug|Any CPU.ActiveCfg = Debug|Any CPU
		{492B07B0-9E48-4BBC-B745-E9852197F389}.Debug|Any CPU.Build.0 = Debug|Any CPU
		{492B07B0-9E48-4BBC-B745-E9852197F389}.Release|Any CPU.ActiveCfg = Release|Any CPU
		{492B07B0-9E48-4BBC-B745-E9852197F389}.Release|Any CPU.Build.0 = Release|Any CPU
		{0D37218F-F88F-43A7-AC1D-A86940D7785B}.Debug|Any CPU.ActiveCfg = Debug|Any CPU
		{0D37218F-F88F-43A7-AC1D-A86940D7785B}.Debug|Any CPU.Build.0 = Debug|Any CPU
		{0D37218F-F88F-43A7-AC1D-A86940D7785B}.Release|Any CPU.ActiveCfg = Release|Any CPU
		{0D37218F-F88F-43A7-AC1D-A86940D7785B}.Release|Any CPU.Build.0 = Release|Any CPU
		{BD1451BF-F680-491B-9AB7-BBDAB546CDAA}.Debug|Any CPU.ActiveCfg = Debug|Any CPU
		{BD1451BF-F680-491B-9AB7-BBDAB546CDAA}.Debug|Any CPU.Build.0 = Debug|Any CPU
		{BD1451BF-F680-491B-9AB7-BBDAB546CDAA}.Release|Any CPU.ActiveCfg = Release|Any CPU
		{BD1451BF-F680-491B-9AB7-BBDAB546CDAA}.Release|Any CPU.Build.0 = Release|Any CPU
		{DB713141-C8C8-42A4-9F92-5FB6DBCB8ED4}.Debug|Any CPU.ActiveCfg = Debug|Any CPU
		{DB713141-C8C8-42A4-9F92-5FB6DBCB8ED4}.Debug|Any CPU.Build.0 = Debug|Any CPU
		{DB713141-C8C8-42A4-9F92-5FB6DBCB8ED4}.Release|Any CPU.ActiveCfg = Release|Any CPU
		{DB713141-C8C8-42A4-9F92-5FB6DBCB8ED4}.Release|Any CPU.Build.0 = Release|Any CPU
		{35D9315E-DA3F-45DF-B73C-82494333DD10}.Debug|Any CPU.ActiveCfg = Debug|Any CPU
		{35D9315E-DA3F-45DF-B73C-82494333DD10}.Debug|Any CPU.Build.0 = Debug|Any CPU
		{35D9315E-DA3F-45DF-B73C-82494333DD10}.Release|Any CPU.ActiveCfg = Release|Any CPU
		{35D9315E-DA3F-45DF-B73C-82494333DD10}.Release|Any CPU.Build.0 = Release|Any CPU
		{947B7132-67AB-48DA-9596-D8533088499C}.Debug|Any CPU.ActiveCfg = Debug|Any CPU
		{947B7132-67AB-48DA-9596-D8533088499C}.Debug|Any CPU.Build.0 = Debug|Any CPU
		{947B7132-67AB-48DA-9596-D8533088499C}.Release|Any CPU.ActiveCfg = Release|Any CPU
		{947B7132-67AB-48DA-9596-D8533088499C}.Release|Any CPU.Build.0 = Release|Any CPU
		{FF4EDB62-25E7-4FE5-93AB-8388A9475725}.Debug|Any CPU.ActiveCfg = Debug|Any CPU
		{FF4EDB62-25E7-4FE5-93AB-8388A9475725}.Debug|Any CPU.Build.0 = Debug|Any CPU
		{FF4EDB62-25E7-4FE5-93AB-8388A9475725}.Release|Any CPU.ActiveCfg = Release|Any CPU
		{FF4EDB62-25E7-4FE5-93AB-8388A9475725}.Release|Any CPU.Build.0 = Release|Any CPU
		{AB4AB6C3-C6E4-40E2-8A35-475A53FA12CA}.Debug|Any CPU.ActiveCfg = Debug|Any CPU
		{AB4AB6C3-C6E4-40E2-8A35-475A53FA12CA}.Debug|Any CPU.Build.0 = Debug|Any CPU
		{AB4AB6C3-C6E4-40E2-8A35-475A53FA12CA}.Release|Any CPU.ActiveCfg = Release|Any CPU
		{AB4AB6C3-C6E4-40E2-8A35-475A53FA12CA}.Release|Any CPU.Build.0 = Release|Any CPU
		{8801AF44-1A9F-4F87-9FC2-3FF0DC3ACE7F}.Debug|Any CPU.ActiveCfg = Debug|Any CPU
		{8801AF44-1A9F-4F87-9FC2-3FF0DC3ACE7F}.Debug|Any CPU.Build.0 = Debug|Any CPU
		{8801AF44-1A9F-4F87-9FC2-3FF0DC3ACE7F}.Release|Any CPU.ActiveCfg = Release|Any CPU
		{8801AF44-1A9F-4F87-9FC2-3FF0DC3ACE7F}.Release|Any CPU.Build.0 = Release|Any CPU
		{DFE93028-70A6-4A0E-970E-4CD26A590A68}.Debug|Any CPU.ActiveCfg = Debug|Any CPU
		{DFE93028-70A6-4A0E-970E-4CD26A590A68}.Debug|Any CPU.Build.0 = Debug|Any CPU
		{DFE93028-70A6-4A0E-970E-4CD26A590A68}.Release|Any CPU.ActiveCfg = Release|Any CPU
		{DFE93028-70A6-4A0E-970E-4CD26A590A68}.Release|Any CPU.Build.0 = Release|Any CPU
		{EBBED69E-2566-4F87-ACA9-FD4136A013CA}.Debug|Any CPU.ActiveCfg = Debug|Any CPU
		{EBBED69E-2566-4F87-ACA9-FD4136A013CA}.Debug|Any CPU.Build.0 = Debug|Any CPU
		{EBBED69E-2566-4F87-ACA9-FD4136A013CA}.Release|Any CPU.ActiveCfg = Release|Any CPU
		{EBBED69E-2566-4F87-ACA9-FD4136A013CA}.Release|Any CPU.Build.0 = Release|Any CPU
		{C6FDB0E5-9395-465C-84C5-FCFC12C07F77}.Debug|Any CPU.ActiveCfg = Debug|Any CPU
		{C6FDB0E5-9395-465C-84C5-FCFC12C07F77}.Debug|Any CPU.Build.0 = Debug|Any CPU
		{C6FDB0E5-9395-465C-84C5-FCFC12C07F77}.Release|Any CPU.ActiveCfg = Release|Any CPU
		{C6FDB0E5-9395-465C-84C5-FCFC12C07F77}.Release|Any CPU.Build.0 = Release|Any CPU
		{FA9B4AE8-741B-4E48-A771-F8EA65565183}.Debug|Any CPU.ActiveCfg = Debug|Any CPU
		{FA9B4AE8-741B-4E48-A771-F8EA65565183}.Debug|Any CPU.Build.0 = Debug|Any CPU
		{FA9B4AE8-741B-4E48-A771-F8EA65565183}.Release|Any CPU.ActiveCfg = Release|Any CPU
		{FA9B4AE8-741B-4E48-A771-F8EA65565183}.Release|Any CPU.Build.0 = Release|Any CPU
		{A0969CAA-BC68-4B77-A9CE-2A614B698FE0}.Debug|Any CPU.ActiveCfg = Debug|Any CPU
		{A0969CAA-BC68-4B77-A9CE-2A614B698FE0}.Debug|Any CPU.Build.0 = Debug|Any CPU
		{A0969CAA-BC68-4B77-A9CE-2A614B698FE0}.Release|Any CPU.ActiveCfg = Release|Any CPU
		{A0969CAA-BC68-4B77-A9CE-2A614B698FE0}.Release|Any CPU.Build.0 = Release|Any CPU
		{284E491F-3127-4370-AAA8-86061942E7A6}.Debug|Any CPU.ActiveCfg = Debug|Any CPU
		{284E491F-3127-4370-AAA8-86061942E7A6}.Debug|Any CPU.Build.0 = Debug|Any CPU
		{284E491F-3127-4370-AAA8-86061942E7A6}.Release|Any CPU.ActiveCfg = Release|Any CPU
		{284E491F-3127-4370-AAA8-86061942E7A6}.Release|Any CPU.Build.0 = Release|Any CPU
		{866B1512-CE11-493E-AB21-D448EFC81638}.Debug|Any CPU.ActiveCfg = Debug|Any CPU
		{866B1512-CE11-493E-AB21-D448EFC81638}.Debug|Any CPU.Build.0 = Debug|Any CPU
		{866B1512-CE11-493E-AB21-D448EFC81638}.Release|Any CPU.ActiveCfg = Release|Any CPU
		{866B1512-CE11-493E-AB21-D448EFC81638}.Release|Any CPU.Build.0 = Release|Any CPU
		{EE5F0DA6-8ACF-4318-B9C4-2C318352B060}.Debug|Any CPU.ActiveCfg = Debug|Any CPU
		{EE5F0DA6-8ACF-4318-B9C4-2C318352B060}.Debug|Any CPU.Build.0 = Debug|Any CPU
		{EE5F0DA6-8ACF-4318-B9C4-2C318352B060}.Release|Any CPU.ActiveCfg = Release|Any CPU
		{EE5F0DA6-8ACF-4318-B9C4-2C318352B060}.Release|Any CPU.Build.0 = Release|Any CPU
		{1D45FCB9-359E-41B1-9BB2-288DA45354A3}.Debug|Any CPU.ActiveCfg = Debug|Any CPU
		{1D45FCB9-359E-41B1-9BB2-288DA45354A3}.Debug|Any CPU.Build.0 = Debug|Any CPU
		{1D45FCB9-359E-41B1-9BB2-288DA45354A3}.Release|Any CPU.ActiveCfg = Release|Any CPU
		{1D45FCB9-359E-41B1-9BB2-288DA45354A3}.Release|Any CPU.Build.0 = Release|Any CPU
		{5DBA4979-B5FD-444C-B18F-B62ADBF95834}.Debug|Any CPU.ActiveCfg = Debug|Any CPU
		{5DBA4979-B5FD-444C-B18F-B62ADBF95834}.Debug|Any CPU.Build.0 = Debug|Any CPU
		{5DBA4979-B5FD-444C-B18F-B62ADBF95834}.Release|Any CPU.ActiveCfg = Release|Any CPU
		{5DBA4979-B5FD-444C-B18F-B62ADBF95834}.Release|Any CPU.Build.0 = Release|Any CPU
		{988E2618-3880-4B53-9230-1559867418CB}.Debug|Any CPU.ActiveCfg = Debug|Any CPU
		{988E2618-3880-4B53-9230-1559867418CB}.Debug|Any CPU.Build.0 = Debug|Any CPU
		{988E2618-3880-4B53-9230-1559867418CB}.Release|Any CPU.ActiveCfg = Release|Any CPU
		{988E2618-3880-4B53-9230-1559867418CB}.Release|Any CPU.Build.0 = Release|Any CPU
		{46E95F72-8FE9-487B-8908-504E31418BED}.Debug|Any CPU.ActiveCfg = Debug|Any CPU
		{46E95F72-8FE9-487B-8908-504E31418BED}.Debug|Any CPU.Build.0 = Debug|Any CPU
		{46E95F72-8FE9-487B-8908-504E31418BED}.Release|Any CPU.ActiveCfg = Release|Any CPU
		{46E95F72-8FE9-487B-8908-504E31418BED}.Release|Any CPU.Build.0 = Release|Any CPU
		{DAF5BE02-3914-4785-A2ED-06859CC0D18D}.Debug|Any CPU.ActiveCfg = Debug|Any CPU
		{DAF5BE02-3914-4785-A2ED-06859CC0D18D}.Debug|Any CPU.Build.0 = Debug|Any CPU
		{DAF5BE02-3914-4785-A2ED-06859CC0D18D}.Release|Any CPU.ActiveCfg = Release|Any CPU
		{DAF5BE02-3914-4785-A2ED-06859CC0D18D}.Release|Any CPU.Build.0 = Release|Any CPU
		{CF0C34C4-1DAE-47E0-B85C-643C99A16892}.Debug|Any CPU.ActiveCfg = Debug|Any CPU
		{CF0C34C4-1DAE-47E0-B85C-643C99A16892}.Debug|Any CPU.Build.0 = Debug|Any CPU
		{CF0C34C4-1DAE-47E0-B85C-643C99A16892}.Release|Any CPU.ActiveCfg = Release|Any CPU
		{CF0C34C4-1DAE-47E0-B85C-643C99A16892}.Release|Any CPU.Build.0 = Release|Any CPU
		{7DC27A66-9E0D-4AAB-9B24-D08FD5C63513}.Debug|Any CPU.ActiveCfg = Debug|Any CPU
		{7DC27A66-9E0D-4AAB-9B24-D08FD5C63513}.Debug|Any CPU.Build.0 = Debug|Any CPU
		{7DC27A66-9E0D-4AAB-9B24-D08FD5C63513}.Release|Any CPU.ActiveCfg = Release|Any CPU
		{7DC27A66-9E0D-4AAB-9B24-D08FD5C63513}.Release|Any CPU.Build.0 = Release|Any CPU
		{FEF44241-872D-49CB-911A-531E1AB03ADB}.Debug|Any CPU.ActiveCfg = Debug|Any CPU
		{FEF44241-872D-49CB-911A-531E1AB03ADB}.Debug|Any CPU.Build.0 = Debug|Any CPU
		{FEF44241-872D-49CB-911A-531E1AB03ADB}.Release|Any CPU.ActiveCfg = Release|Any CPU
		{FEF44241-872D-49CB-911A-531E1AB03ADB}.Release|Any CPU.Build.0 = Release|Any CPU
		{4A78796E-3FA5-4816-AE75-D565D95C99D9}.Debug|Any CPU.ActiveCfg = Debug|Any CPU
		{4A78796E-3FA5-4816-AE75-D565D95C99D9}.Debug|Any CPU.Build.0 = Debug|Any CPU
		{4A78796E-3FA5-4816-AE75-D565D95C99D9}.Release|Any CPU.ActiveCfg = Release|Any CPU
		{4A78796E-3FA5-4816-AE75-D565D95C99D9}.Release|Any CPU.Build.0 = Release|Any CPU
		{F8FB48D1-5D2F-4FF7-ACA1-9E40920FBFB2}.Debug|Any CPU.ActiveCfg = Debug|Any CPU
		{F8FB48D1-5D2F-4FF7-ACA1-9E40920FBFB2}.Debug|Any CPU.Build.0 = Debug|Any CPU
		{F8FB48D1-5D2F-4FF7-ACA1-9E40920FBFB2}.Release|Any CPU.ActiveCfg = Release|Any CPU
		{F8FB48D1-5D2F-4FF7-ACA1-9E40920FBFB2}.Release|Any CPU.Build.0 = Release|Any CPU
		{C2C87536-FDC6-4BF4-A084-D4BA67DACDF9}.Debug|Any CPU.ActiveCfg = Debug|Any CPU
		{C2C87536-FDC6-4BF4-A084-D4BA67DACDF9}.Debug|Any CPU.Build.0 = Debug|Any CPU
		{C2C87536-FDC6-4BF4-A084-D4BA67DACDF9}.Release|Any CPU.ActiveCfg = Release|Any CPU
		{C2C87536-FDC6-4BF4-A084-D4BA67DACDF9}.Release|Any CPU.Build.0 = Release|Any CPU
		{2AF9390F-1F22-4570-B590-A4BE612FB370}.Debug|Any CPU.ActiveCfg = Debug|Any CPU
		{2AF9390F-1F22-4570-B590-A4BE612FB370}.Debug|Any CPU.Build.0 = Debug|Any CPU
		{2AF9390F-1F22-4570-B590-A4BE612FB370}.Release|Any CPU.ActiveCfg = Release|Any CPU
		{2AF9390F-1F22-4570-B590-A4BE612FB370}.Release|Any CPU.Build.0 = Release|Any CPU
		{36260F48-B5E5-4C24-BE03-4D735F08266C}.Debug|Any CPU.ActiveCfg = Debug|Any CPU
		{36260F48-B5E5-4C24-BE03-4D735F08266C}.Debug|Any CPU.Build.0 = Debug|Any CPU
		{36260F48-B5E5-4C24-BE03-4D735F08266C}.Release|Any CPU.ActiveCfg = Release|Any CPU
		{36260F48-B5E5-4C24-BE03-4D735F08266C}.Release|Any CPU.Build.0 = Release|Any CPU
		{9995C202-A33D-4E60-A216-E74256DC7294}.Debug|Any CPU.ActiveCfg = Debug|Any CPU
		{9995C202-A33D-4E60-A216-E74256DC7294}.Debug|Any CPU.Build.0 = Debug|Any CPU
		{9995C202-A33D-4E60-A216-E74256DC7294}.Release|Any CPU.ActiveCfg = Release|Any CPU
		{9995C202-A33D-4E60-A216-E74256DC7294}.Release|Any CPU.Build.0 = Release|Any CPU
		{AC0FC23E-ECF0-403F-9EFF-0049CAADB570}.Debug|Any CPU.ActiveCfg = Debug|Any CPU
		{AC0FC23E-ECF0-403F-9EFF-0049CAADB570}.Debug|Any CPU.Build.0 = Debug|Any CPU
		{AC0FC23E-ECF0-403F-9EFF-0049CAADB570}.Release|Any CPU.ActiveCfg = Release|Any CPU
		{AC0FC23E-ECF0-403F-9EFF-0049CAADB570}.Release|Any CPU.Build.0 = Release|Any CPU
		{42717DF2-2D31-4271-A21D-CA1DFFBA8C2F}.Debug|Any CPU.ActiveCfg = Debug|Any CPU
		{42717DF2-2D31-4271-A21D-CA1DFFBA8C2F}.Debug|Any CPU.Build.0 = Debug|Any CPU
		{42717DF2-2D31-4271-A21D-CA1DFFBA8C2F}.Release|Any CPU.ActiveCfg = Release|Any CPU
		{42717DF2-2D31-4271-A21D-CA1DFFBA8C2F}.Release|Any CPU.Build.0 = Release|Any CPU
		{979ADE44-2FCF-428C-A0EB-017D50CBFA84}.Debug|Any CPU.ActiveCfg = Debug|Any CPU
		{979ADE44-2FCF-428C-A0EB-017D50CBFA84}.Debug|Any CPU.Build.0 = Debug|Any CPU
		{979ADE44-2FCF-428C-A0EB-017D50CBFA84}.Release|Any CPU.ActiveCfg = Release|Any CPU
		{979ADE44-2FCF-428C-A0EB-017D50CBFA84}.Release|Any CPU.Build.0 = Release|Any CPU
		{082D7792-6AB2-417C-9D14-6A5C27E56C56}.Debug|Any CPU.ActiveCfg = Debug|Any CPU
		{082D7792-6AB2-417C-9D14-6A5C27E56C56}.Debug|Any CPU.Build.0 = Debug|Any CPU
		{082D7792-6AB2-417C-9D14-6A5C27E56C56}.Release|Any CPU.ActiveCfg = Release|Any CPU
		{082D7792-6AB2-417C-9D14-6A5C27E56C56}.Release|Any CPU.Build.0 = Release|Any CPU
		{049CB96C-B534-4735-A492-9C8F2B0721D6}.Debug|Any CPU.ActiveCfg = Debug|Any CPU
		{049CB96C-B534-4735-A492-9C8F2B0721D6}.Debug|Any CPU.Build.0 = Debug|Any CPU
		{049CB96C-B534-4735-A492-9C8F2B0721D6}.Release|Any CPU.ActiveCfg = Release|Any CPU
		{049CB96C-B534-4735-A492-9C8F2B0721D6}.Release|Any CPU.Build.0 = Release|Any CPU
		{7D5798CD-903E-4618-AA86-14BC84FF3117}.Debug|Any CPU.ActiveCfg = Debug|Any CPU
		{7D5798CD-903E-4618-AA86-14BC84FF3117}.Debug|Any CPU.Build.0 = Debug|Any CPU
		{7D5798CD-903E-4618-AA86-14BC84FF3117}.Release|Any CPU.ActiveCfg = Release|Any CPU
		{7D5798CD-903E-4618-AA86-14BC84FF3117}.Release|Any CPU.Build.0 = Release|Any CPU
		{FADE32BE-3DD6-4CD5-BD75-88BA79B2D056}.Debug|Any CPU.ActiveCfg = Debug|Any CPU
		{FADE32BE-3DD6-4CD5-BD75-88BA79B2D056}.Debug|Any CPU.Build.0 = Debug|Any CPU
		{FADE32BE-3DD6-4CD5-BD75-88BA79B2D056}.Release|Any CPU.ActiveCfg = Release|Any CPU
		{FADE32BE-3DD6-4CD5-BD75-88BA79B2D056}.Release|Any CPU.Build.0 = Release|Any CPU
		{B0F7DBD6-9C5C-4B25-B155-CAAD24B55CAC}.Debug|Any CPU.ActiveCfg = Debug|Any CPU
		{B0F7DBD6-9C5C-4B25-B155-CAAD24B55CAC}.Debug|Any CPU.Build.0 = Debug|Any CPU
		{B0F7DBD6-9C5C-4B25-B155-CAAD24B55CAC}.Release|Any CPU.ActiveCfg = Release|Any CPU
		{B0F7DBD6-9C5C-4B25-B155-CAAD24B55CAC}.Release|Any CPU.Build.0 = Release|Any CPU
		{E6343ED9-BFF6-4938-83F8-0649746A052C}.Debug|Any CPU.ActiveCfg = Debug|Any CPU
		{E6343ED9-BFF6-4938-83F8-0649746A052C}.Debug|Any CPU.Build.0 = Debug|Any CPU
		{E6343ED9-BFF6-4938-83F8-0649746A052C}.Release|Any CPU.ActiveCfg = Release|Any CPU
		{E6343ED9-BFF6-4938-83F8-0649746A052C}.Release|Any CPU.Build.0 = Release|Any CPU
		{FD5E9C3E-27BC-4FD2-B027-337AA5C8EF3A}.Debug|Any CPU.ActiveCfg = Debug|Any CPU
		{FD5E9C3E-27BC-4FD2-B027-337AA5C8EF3A}.Debug|Any CPU.Build.0 = Debug|Any CPU
		{FD5E9C3E-27BC-4FD2-B027-337AA5C8EF3A}.Release|Any CPU.ActiveCfg = Release|Any CPU
		{FD5E9C3E-27BC-4FD2-B027-337AA5C8EF3A}.Release|Any CPU.Build.0 = Release|Any CPU
		{95190FD9-62FE-4335-A0FF-F574C84FEB79}.Debug|Any CPU.ActiveCfg = Debug|Any CPU
		{95190FD9-62FE-4335-A0FF-F574C84FEB79}.Debug|Any CPU.Build.0 = Debug|Any CPU
		{95190FD9-62FE-4335-A0FF-F574C84FEB79}.Release|Any CPU.ActiveCfg = Release|Any CPU
		{95190FD9-62FE-4335-A0FF-F574C84FEB79}.Release|Any CPU.Build.0 = Release|Any CPU
		{9E7DEDC6-FF5F-4D31-B84F-CD33464B74CD}.Debug|Any CPU.ActiveCfg = Debug|Any CPU
		{9E7DEDC6-FF5F-4D31-B84F-CD33464B74CD}.Debug|Any CPU.Build.0 = Debug|Any CPU
		{9E7DEDC6-FF5F-4D31-B84F-CD33464B74CD}.Release|Any CPU.ActiveCfg = Release|Any CPU
		{9E7DEDC6-FF5F-4D31-B84F-CD33464B74CD}.Release|Any CPU.Build.0 = Release|Any CPU
		{36E60EFC-497D-44F4-8FFB-48BCCDE28FDB}.Debug|Any CPU.ActiveCfg = Debug|Any CPU
		{36E60EFC-497D-44F4-8FFB-48BCCDE28FDB}.Debug|Any CPU.Build.0 = Debug|Any CPU
		{36E60EFC-497D-44F4-8FFB-48BCCDE28FDB}.Release|Any CPU.ActiveCfg = Release|Any CPU
		{36E60EFC-497D-44F4-8FFB-48BCCDE28FDB}.Release|Any CPU.Build.0 = Release|Any CPU
		{0C26FBFE-C2B1-4725-BC0B-399658C7FEA7}.Debug|Any CPU.ActiveCfg = Debug|Any CPU
		{0C26FBFE-C2B1-4725-BC0B-399658C7FEA7}.Debug|Any CPU.Build.0 = Debug|Any CPU
		{0C26FBFE-C2B1-4725-BC0B-399658C7FEA7}.Release|Any CPU.ActiveCfg = Release|Any CPU
		{0C26FBFE-C2B1-4725-BC0B-399658C7FEA7}.Release|Any CPU.Build.0 = Release|Any CPU
		{846D7B5E-5CDF-4B9C-89FB-2382DE2EE06B}.Debug|Any CPU.ActiveCfg = Debug|Any CPU
		{846D7B5E-5CDF-4B9C-89FB-2382DE2EE06B}.Debug|Any CPU.Build.0 = Debug|Any CPU
		{846D7B5E-5CDF-4B9C-89FB-2382DE2EE06B}.Release|Any CPU.ActiveCfg = Release|Any CPU
		{846D7B5E-5CDF-4B9C-89FB-2382DE2EE06B}.Release|Any CPU.Build.0 = Release|Any CPU
		{58B7130A-C1F9-463C-808C-44A3D05ACFF1}.Debug|Any CPU.ActiveCfg = Debug|Any CPU
		{58B7130A-C1F9-463C-808C-44A3D05ACFF1}.Debug|Any CPU.Build.0 = Debug|Any CPU
		{58B7130A-C1F9-463C-808C-44A3D05ACFF1}.Release|Any CPU.ActiveCfg = Release|Any CPU
		{58B7130A-C1F9-463C-808C-44A3D05ACFF1}.Release|Any CPU.Build.0 = Release|Any CPU
		{ECDB9E8D-521D-41EA-AFDD-5AD4F1E493CA}.Debug|Any CPU.ActiveCfg = Debug|Any CPU
		{ECDB9E8D-521D-41EA-AFDD-5AD4F1E493CA}.Debug|Any CPU.Build.0 = Debug|Any CPU
		{ECDB9E8D-521D-41EA-AFDD-5AD4F1E493CA}.Release|Any CPU.ActiveCfg = Release|Any CPU
		{ECDB9E8D-521D-41EA-AFDD-5AD4F1E493CA}.Release|Any CPU.Build.0 = Release|Any CPU
		{399778BC-6A97-43F2-9398-BB22F740389A}.Debug|Any CPU.ActiveCfg = Debug|Any CPU
		{399778BC-6A97-43F2-9398-BB22F740389A}.Debug|Any CPU.Build.0 = Debug|Any CPU
		{399778BC-6A97-43F2-9398-BB22F740389A}.Release|Any CPU.ActiveCfg = Release|Any CPU
		{399778BC-6A97-43F2-9398-BB22F740389A}.Release|Any CPU.Build.0 = Release|Any CPU
		{445638AB-6AFE-4EB8-9F0E-CB6B3D2DAD9F}.Debug|Any CPU.ActiveCfg = Debug|Any CPU
		{445638AB-6AFE-4EB8-9F0E-CB6B3D2DAD9F}.Debug|Any CPU.Build.0 = Debug|Any CPU
		{445638AB-6AFE-4EB8-9F0E-CB6B3D2DAD9F}.Release|Any CPU.ActiveCfg = Release|Any CPU
		{445638AB-6AFE-4EB8-9F0E-CB6B3D2DAD9F}.Release|Any CPU.Build.0 = Release|Any CPU
		{5ED4C5C5-8494-45AE-BABF-E0697DE684E6}.Debug|Any CPU.ActiveCfg = Debug|Any CPU
		{5ED4C5C5-8494-45AE-BABF-E0697DE684E6}.Debug|Any CPU.Build.0 = Debug|Any CPU
		{5ED4C5C5-8494-45AE-BABF-E0697DE684E6}.Release|Any CPU.ActiveCfg = Release|Any CPU
		{5ED4C5C5-8494-45AE-BABF-E0697DE684E6}.Release|Any CPU.Build.0 = Release|Any CPU
		{BF7EE276-B013-49B6-8C24-12A10A11CCD5}.Debug|Any CPU.ActiveCfg = Debug|Any CPU
		{BF7EE276-B013-49B6-8C24-12A10A11CCD5}.Debug|Any CPU.Build.0 = Debug|Any CPU
		{BF7EE276-B013-49B6-8C24-12A10A11CCD5}.Release|Any CPU.ActiveCfg = Release|Any CPU
		{BF7EE276-B013-49B6-8C24-12A10A11CCD5}.Release|Any CPU.Build.0 = Release|Any CPU
		{9C7192BA-4537-415A-8D45-2907C2C36357}.Debug|Any CPU.ActiveCfg = Debug|Any CPU
		{9C7192BA-4537-415A-8D45-2907C2C36357}.Debug|Any CPU.Build.0 = Debug|Any CPU
		{9C7192BA-4537-415A-8D45-2907C2C36357}.Release|Any CPU.ActiveCfg = Release|Any CPU
		{9C7192BA-4537-415A-8D45-2907C2C36357}.Release|Any CPU.Build.0 = Release|Any CPU
		{CFDD7C46-A040-49AF-B049-F83DB74ABDAA}.Debug|Any CPU.ActiveCfg = Debug|Any CPU
		{CFDD7C46-A040-49AF-B049-F83DB74ABDAA}.Debug|Any CPU.Build.0 = Debug|Any CPU
		{CFDD7C46-A040-49AF-B049-F83DB74ABDAA}.Release|Any CPU.ActiveCfg = Release|Any CPU
		{CFDD7C46-A040-49AF-B049-F83DB74ABDAA}.Release|Any CPU.Build.0 = Release|Any CPU
		{F4E95F96-A0F3-4123-B421-AB9EFF43DE77}.Debug|Any CPU.ActiveCfg = Debug|Any CPU
		{F4E95F96-A0F3-4123-B421-AB9EFF43DE77}.Debug|Any CPU.Build.0 = Debug|Any CPU
		{F4E95F96-A0F3-4123-B421-AB9EFF43DE77}.Release|Any CPU.ActiveCfg = Release|Any CPU
		{F4E95F96-A0F3-4123-B421-AB9EFF43DE77}.Release|Any CPU.Build.0 = Release|Any CPU
		{21C14F05-C475-4716-BDCD-100CCD7A9889}.Debug|Any CPU.ActiveCfg = Debug|Any CPU
		{21C14F05-C475-4716-BDCD-100CCD7A9889}.Debug|Any CPU.Build.0 = Debug|Any CPU
		{21C14F05-C475-4716-BDCD-100CCD7A9889}.Release|Any CPU.ActiveCfg = Release|Any CPU
		{21C14F05-C475-4716-BDCD-100CCD7A9889}.Release|Any CPU.Build.0 = Release|Any CPU
		{A788608C-954D-4616-A334-6A3089F8EB01}.Debug|Any CPU.ActiveCfg = Debug|Any CPU
		{A788608C-954D-4616-A334-6A3089F8EB01}.Debug|Any CPU.Build.0 = Debug|Any CPU
		{A788608C-954D-4616-A334-6A3089F8EB01}.Release|Any CPU.ActiveCfg = Release|Any CPU
		{A788608C-954D-4616-A334-6A3089F8EB01}.Release|Any CPU.Build.0 = Release|Any CPU
		{591235E0-6FA9-441F-824C-48B2C8B3453E}.Debug|Any CPU.ActiveCfg = Debug|Any CPU
		{591235E0-6FA9-441F-824C-48B2C8B3453E}.Debug|Any CPU.Build.0 = Debug|Any CPU
		{591235E0-6FA9-441F-824C-48B2C8B3453E}.Release|Any CPU.ActiveCfg = Release|Any CPU
		{591235E0-6FA9-441F-824C-48B2C8B3453E}.Release|Any CPU.Build.0 = Release|Any CPU
		{3B6699E2-117E-41DE-8C58-43E2AB7C9542}.Debug|Any CPU.ActiveCfg = Debug|Any CPU
		{3B6699E2-117E-41DE-8C58-43E2AB7C9542}.Debug|Any CPU.Build.0 = Debug|Any CPU
		{3B6699E2-117E-41DE-8C58-43E2AB7C9542}.Release|Any CPU.ActiveCfg = Release|Any CPU
		{3B6699E2-117E-41DE-8C58-43E2AB7C9542}.Release|Any CPU.Build.0 = Release|Any CPU
		{AFC7D475-1101-4FF8-8708-ABCCF44136C0}.Debug|Any CPU.ActiveCfg = Debug|Any CPU
		{AFC7D475-1101-4FF8-8708-ABCCF44136C0}.Debug|Any CPU.Build.0 = Debug|Any CPU
		{AFC7D475-1101-4FF8-8708-ABCCF44136C0}.Release|Any CPU.ActiveCfg = Release|Any CPU
		{AFC7D475-1101-4FF8-8708-ABCCF44136C0}.Release|Any CPU.Build.0 = Release|Any CPU
		{A2F92FB5-BE82-4A59-AF78-72B9D91E25F9}.Debug|Any CPU.ActiveCfg = Debug|Any CPU
		{A2F92FB5-BE82-4A59-AF78-72B9D91E25F9}.Debug|Any CPU.Build.0 = Debug|Any CPU
		{A2F92FB5-BE82-4A59-AF78-72B9D91E25F9}.Release|Any CPU.ActiveCfg = Release|Any CPU
		{A2F92FB5-BE82-4A59-AF78-72B9D91E25F9}.Release|Any CPU.Build.0 = Release|Any CPU
		{E5920FA3-E366-4C22-B3D6-DCE27EAF476F}.Debug|Any CPU.ActiveCfg = Debug|Any CPU
		{E5920FA3-E366-4C22-B3D6-DCE27EAF476F}.Debug|Any CPU.Build.0 = Debug|Any CPU
		{E5920FA3-E366-4C22-B3D6-DCE27EAF476F}.Release|Any CPU.ActiveCfg = Release|Any CPU
		{E5920FA3-E366-4C22-B3D6-DCE27EAF476F}.Release|Any CPU.Build.0 = Release|Any CPU
		{C8F7AF72-3E24-43A1-90AB-A9FFBD5E3BBF}.Debug|Any CPU.ActiveCfg = Debug|Any CPU
		{C8F7AF72-3E24-43A1-90AB-A9FFBD5E3BBF}.Debug|Any CPU.Build.0 = Debug|Any CPU
		{C8F7AF72-3E24-43A1-90AB-A9FFBD5E3BBF}.Release|Any CPU.ActiveCfg = Release|Any CPU
		{C8F7AF72-3E24-43A1-90AB-A9FFBD5E3BBF}.Release|Any CPU.Build.0 = Release|Any CPU
		{EF8EFD6C-2302-4105-88CC-34535C855CFC}.Debug|Any CPU.ActiveCfg = Debug|Any CPU
		{EF8EFD6C-2302-4105-88CC-34535C855CFC}.Debug|Any CPU.Build.0 = Debug|Any CPU
		{EF8EFD6C-2302-4105-88CC-34535C855CFC}.Release|Any CPU.ActiveCfg = Release|Any CPU
		{EF8EFD6C-2302-4105-88CC-34535C855CFC}.Release|Any CPU.Build.0 = Release|Any CPU
		{E6D7CF1D-6126-4965-93B1-BF6506988F41}.Debug|Any CPU.ActiveCfg = Debug|Any CPU
		{E6D7CF1D-6126-4965-93B1-BF6506988F41}.Debug|Any CPU.Build.0 = Debug|Any CPU
		{E6D7CF1D-6126-4965-93B1-BF6506988F41}.Release|Any CPU.ActiveCfg = Release|Any CPU
		{E6D7CF1D-6126-4965-93B1-BF6506988F41}.Release|Any CPU.Build.0 = Release|Any CPU
		{4CB031D0-02EF-4E91-B76B-4EC5D615AF1D}.Debug|Any CPU.ActiveCfg = Debug|Any CPU
		{4CB031D0-02EF-4E91-B76B-4EC5D615AF1D}.Debug|Any CPU.Build.0 = Debug|Any CPU
		{4CB031D0-02EF-4E91-B76B-4EC5D615AF1D}.Release|Any CPU.ActiveCfg = Release|Any CPU
		{4CB031D0-02EF-4E91-B76B-4EC5D615AF1D}.Release|Any CPU.Build.0 = Release|Any CPU
		{9698C326-C469-4395-AA37-3D07BCD7D9EE}.Debug|Any CPU.ActiveCfg = Debug|Any CPU
		{9698C326-C469-4395-AA37-3D07BCD7D9EE}.Debug|Any CPU.Build.0 = Debug|Any CPU
		{9698C326-C469-4395-AA37-3D07BCD7D9EE}.Release|Any CPU.ActiveCfg = Release|Any CPU
		{9698C326-C469-4395-AA37-3D07BCD7D9EE}.Release|Any CPU.Build.0 = Release|Any CPU
		{C7E8E2A5-DE86-412B-B2F5-0F1E43F24804}.Debug|Any CPU.ActiveCfg = Debug|Any CPU
		{C7E8E2A5-DE86-412B-B2F5-0F1E43F24804}.Debug|Any CPU.Build.0 = Debug|Any CPU
		{C7E8E2A5-DE86-412B-B2F5-0F1E43F24804}.Release|Any CPU.ActiveCfg = Release|Any CPU
		{C7E8E2A5-DE86-412B-B2F5-0F1E43F24804}.Release|Any CPU.Build.0 = Release|Any CPU
	EndGlobalSection
	GlobalSection(SolutionProperties) = preSolution
		HideSolutionNode = FALSE
	EndGlobalSection
	GlobalSection(NestedProjects) = preSolution
		{D9D6D3E4-C947-4279-B287-BB7907775DF0} = {9AE29A58-965F-4E4B-8D55-8257BAA262F5}
		{8C6BCFFC-5940-40D7-B3B3-1BF8174B96DE} = {9AE29A58-965F-4E4B-8D55-8257BAA262F5}
		{6158387E-763B-48BC-A815-5E503DCDCCF5} = {0425E06C-44E2-434F-AA7B-08E178604708}
		{5A5B7DCB-290D-443B-B2B0-9F839540A5E6} = {A2339B69-FB2E-4F65-ACE2-F7C7D42A128A}
		{8CDA25F2-90B8-435E-9331-858EA828B694} = {A2339B69-FB2E-4F65-ACE2-F7C7D42A128A}
		{E256ED20-D881-42A1-B3A3-77BB1DF8E5E2} = {A2339B69-FB2E-4F65-ACE2-F7C7D42A128A}
		{1C6A00AA-4D44-467B-91EC-B63CCD639F97} = {1BAE579C-06B0-477D-9A6F-6F2EB471253C}
		{0EB987AD-7CC4-4107-9007-9637DD5EA2DD} = {1BAE579C-06B0-477D-9A6F-6F2EB471253C}
		{492B07B0-9E48-4BBC-B745-E9852197F389} = {9A3E3E4E-1FFA-4D66-8988-EBF69D451FA3}
		{0D37218F-F88F-43A7-AC1D-A86940D7785B} = {9A3E3E4E-1FFA-4D66-8988-EBF69D451FA3}
		{BD1451BF-F680-491B-9AB7-BBDAB546CDAA} = {7D786327-C5CC-41D0-977C-AF639EEDE012}
		{DB713141-C8C8-42A4-9F92-5FB6DBCB8ED4} = {7D786327-C5CC-41D0-977C-AF639EEDE012}
		{35D9315E-DA3F-45DF-B73C-82494333DD10} = {7D786327-C5CC-41D0-977C-AF639EEDE012}
		{947B7132-67AB-48DA-9596-D8533088499C} = {F5708547-FA5E-46FA-B2C9-1D1D4BA40F5F}
		{FF4EDB62-25E7-4FE5-93AB-8388A9475725} = {F5708547-FA5E-46FA-B2C9-1D1D4BA40F5F}
		{AB4AB6C3-C6E4-40E2-8A35-475A53FA12CA} = {F5708547-FA5E-46FA-B2C9-1D1D4BA40F5F}
		{8801AF44-1A9F-4F87-9FC2-3FF0DC3ACE7F} = {BF60ECA0-DD06-4B7A-B404-7734C5663B58}
		{DFE93028-70A6-4A0E-970E-4CD26A590A68} = {BF60ECA0-DD06-4B7A-B404-7734C5663B58}
		{EBBED69E-2566-4F87-ACA9-FD4136A013CA} = {BF60ECA0-DD06-4B7A-B404-7734C5663B58}
		{060CD2AC-8E20-4F29-A8FC-E28048595A7F} = {67FFAFC0-08EF-4BE8-93ED-EE24CE1E9D9F}
		{C6FDB0E5-9395-465C-84C5-FCFC12C07F77} = {060CD2AC-8E20-4F29-A8FC-E28048595A7F}
		{945B2C54-7E99-4D65-9D59-01E8F05AB933} = {67FFAFC0-08EF-4BE8-93ED-EE24CE1E9D9F}
		{FA9B4AE8-741B-4E48-A771-F8EA65565183} = {400475EC-BA52-435C-A328-66436AB324C8}
		{A0969CAA-BC68-4B77-A9CE-2A614B698FE0} = {400475EC-BA52-435C-A328-66436AB324C8}
		{284E491F-3127-4370-AAA8-86061942E7A6} = {400475EC-BA52-435C-A328-66436AB324C8}
		{866B1512-CE11-493E-AB21-D448EFC81638} = {945B2C54-7E99-4D65-9D59-01E8F05AB933}
		{EE5F0DA6-8ACF-4318-B9C4-2C318352B060} = {F85F7952-F046-4594-B77B-A3550EE78A0B}
		{1D45FCB9-359E-41B1-9BB2-288DA45354A3} = {F85F7952-F046-4594-B77B-A3550EE78A0B}
		{5DBA4979-B5FD-444C-B18F-B62ADBF95834} = {9FE80105-0D45-4CFA-88D9-E780529CCDF9}
		{988E2618-3880-4B53-9230-1559867418CB} = {45B3F779-69B1-4CF8-9B16-86670F1AB3D6}
		{46E95F72-8FE9-487B-8908-504E31418BED} = {D4DCEC5C-CADF-4693-B31E-73C5A5E5B353}
		{DAF5BE02-3914-4785-A2ED-06859CC0D18D} = {F98EA4C7-CDB5-4E38-8467-E91E50990111}
		{CF0C34C4-1DAE-47E0-B85C-643C99A16892} = {E817234A-9F5A-4F19-9070-A7F7CD7992CE}
		{329CBB53-EEF4-41D0-BC1E-EFBE78DAD18E} = {1426198E-B60A-42B0-99C1-BF04258BD068}
		{DB3E6709-2DAB-41D1-A544-69D21147B78E} = {1426198E-B60A-42B0-99C1-BF04258BD068}
		{9A58B6BC-C808-41B5-A70E-B4AB6713118F} = {F98EA4C7-CDB5-4E38-8467-E91E50990111}
		{7DC27A66-9E0D-4AAB-9B24-D08FD5C63513} = {9A58B6BC-C808-41B5-A70E-B4AB6713118F}
		{FEF44241-872D-49CB-911A-531E1AB03ADB} = {9A58B6BC-C808-41B5-A70E-B4AB6713118F}
		{02935DCD-AC89-4E3C-AE3C-67C91079A2E0} = {1426198E-B60A-42B0-99C1-BF04258BD068}
		{4A78796E-3FA5-4816-AE75-D565D95C99D9} = {DB3E6709-2DAB-41D1-A544-69D21147B78E}
		{F8FB48D1-5D2F-4FF7-ACA1-9E40920FBFB2} = {DB3E6709-2DAB-41D1-A544-69D21147B78E}
		{C2C87536-FDC6-4BF4-A084-D4BA67DACDF9} = {DB3E6709-2DAB-41D1-A544-69D21147B78E}
		{2AF9390F-1F22-4570-B590-A4BE612FB370} = {329CBB53-EEF4-41D0-BC1E-EFBE78DAD18E}
		{36260F48-B5E5-4C24-BE03-4D735F08266C} = {329CBB53-EEF4-41D0-BC1E-EFBE78DAD18E}
		{9995C202-A33D-4E60-A216-E74256DC7294} = {DDD4ADB2-01ED-472B-AABC-4CB649ACBAF5}
		{A93B4B9B-484A-466B-BE2B-D0612BA63B2B} = {B29AFE1E-EF5E-469F-AD3D-619EC7FCC90A}
		{AC0FC23E-ECF0-403F-9EFF-0049CAADB570} = {A93B4B9B-484A-466B-BE2B-D0612BA63B2B}
		{42717DF2-2D31-4271-A21D-CA1DFFBA8C2F} = {A93B4B9B-484A-466B-BE2B-D0612BA63B2B}
		{E817234A-9F5A-4F19-9070-A7F7CD7992CE} = {02935DCD-AC89-4E3C-AE3C-67C91079A2E0}
		{F0E8CA84-50DB-4E0C-9D5D-E429F20AEE18} = {02935DCD-AC89-4E3C-AE3C-67C91079A2E0}
		{979ADE44-2FCF-428C-A0EB-017D50CBFA84} = {F0E8CA84-50DB-4E0C-9D5D-E429F20AEE18}
		{082D7792-6AB2-417C-9D14-6A5C27E56C56} = {F0E8CA84-50DB-4E0C-9D5D-E429F20AEE18}
		{049CB96C-B534-4735-A492-9C8F2B0721D6} = {19651EBE-4E3F-47F2-B68A-1977EF57222F}
		{7D5798CD-903E-4618-AA86-14BC84FF3117} = {19651EBE-4E3F-47F2-B68A-1977EF57222F}
		{FADE32BE-3DD6-4CD5-BD75-88BA79B2D056} = {75619802-11FE-4082-9BD6-7D10F9F13D87}
		{B0F7DBD6-9C5C-4B25-B155-CAAD24B55CAC} = {51AF7733-97EC-4E7A-AFF0-150685410892}
		{E6343ED9-BFF6-4938-83F8-0649746A052C} = {51AF7733-97EC-4E7A-AFF0-150685410892}
		{FD5E9C3E-27BC-4FD2-B027-337AA5C8EF3A} = {F94CB209-6592-4633-A630-BED6FED129F6}
		{95190FD9-62FE-4335-A0FF-F574C84FEB79} = {F94CB209-6592-4633-A630-BED6FED129F6}
		{9E7DEDC6-FF5F-4D31-B84F-CD33464B74CD} = {F94CB209-6592-4633-A630-BED6FED129F6}
		{DDD4ADB2-01ED-472B-AABC-4CB649ACBAF5} = {B29AFE1E-EF5E-469F-AD3D-619EC7FCC90A}
		{36E60EFC-497D-44F4-8FFB-48BCCDE28FDB} = {903B3ADF-0524-4DCB-9E97-841BEBEB77AD}
		{0C26FBFE-C2B1-4725-BC0B-399658C7FEA7} = {3302C5F3-DC0E-4491-8C40-607C024B45FE}
		{846D7B5E-5CDF-4B9C-89FB-2382DE2EE06B} = {3302C5F3-DC0E-4491-8C40-607C024B45FE}
		{58B7130A-C1F9-463C-808C-44A3D05ACFF1} = {189DDD18-0877-4F69-8E0D-DABC27AAC094}
		{ECDB9E8D-521D-41EA-AFDD-5AD4F1E493CA} = {189DDD18-0877-4F69-8E0D-DABC27AAC094}
		{399778BC-6A97-43F2-9398-BB22F740389A} = {189DDD18-0877-4F69-8E0D-DABC27AAC094}
		{445638AB-6AFE-4EB8-9F0E-CB6B3D2DAD9F} = {AA49458C-AB32-43D9-A6C2-6DFE9DA89D52}
		{5ED4C5C5-8494-45AE-BABF-E0697DE684E6} = {AA49458C-AB32-43D9-A6C2-6DFE9DA89D52}
		{BF7EE276-B013-49B6-8C24-12A10A11CCD5} = {260A044F-7278-4B62-835A-D672E17566D4}
		{9C7192BA-4537-415A-8D45-2907C2C36357} = {260A044F-7278-4B62-835A-D672E17566D4}
		{CFDD7C46-A040-49AF-B049-F83DB74ABDAA} = {95D695EC-5BE7-4379-8C36-027185CCA283}
		{F4E95F96-A0F3-4123-B421-AB9EFF43DE77} = {95D695EC-5BE7-4379-8C36-027185CCA283}
		{21C14F05-C475-4716-BDCD-100CCD7A9889} = {63DD4DFB-46CD-494E-8609-9E8EE2EADB30}
		{A788608C-954D-4616-A334-6A3089F8EB01} = {63DD4DFB-46CD-494E-8609-9E8EE2EADB30}
		{591235E0-6FA9-441F-824C-48B2C8B3453E} = {63DD4DFB-46CD-494E-8609-9E8EE2EADB30}
		{3B6699E2-117E-41DE-8C58-43E2AB7C9542} = {A31F17BB-F3BD-4725-AF6D-61711E40FDB9}
		{AFC7D475-1101-4FF8-8708-ABCCF44136C0} = {A31F17BB-F3BD-4725-AF6D-61711E40FDB9}
		{A2F92FB5-BE82-4A59-AF78-72B9D91E25F9} = {AFC8D1D6-9EFB-44EE-84B7-8D652851A396}
		{E5920FA3-E366-4C22-B3D6-DCE27EAF476F} = {AFC8D1D6-9EFB-44EE-84B7-8D652851A396}
		{C8F7AF72-3E24-43A1-90AB-A9FFBD5E3BBF} = {1B69BC66-4186-4B6D-BA74-E9597560850D}
		{EF8EFD6C-2302-4105-88CC-34535C855CFC} = {1B69BC66-4186-4B6D-BA74-E9597560850D}
		{1B69BC66-4186-4B6D-BA74-E9597560850D} = {2477470C-A083-44C9-92F0-9DA2E9928EC1}
		{11E069E5-FABD-4743-8AE4-FA78A778C49A} = {2477470C-A083-44C9-92F0-9DA2E9928EC1}
		{AFC8D1D6-9EFB-44EE-84B7-8D652851A396} = {8423EE00-C471-4A47-8821-246E318756CC}
		{08839E06-F222-440F-9D9E-401B999DF192} = {8423EE00-C471-4A47-8821-246E318756CC}
		{E6D7CF1D-6126-4965-93B1-BF6506988F41} = {08839E06-F222-440F-9D9E-401B999DF192}
		{4CB031D0-02EF-4E91-B76B-4EC5D615AF1D} = {9C8A3866-7CCE-46CE-BE7B-EDF66F32EE72}
		{9698C326-C469-4395-AA37-3D07BCD7D9EE} = {9C8A3866-7CCE-46CE-BE7B-EDF66F32EE72}
		{C7E8E2A5-DE86-412B-B2F5-0F1E43F24804} = {9C8A3866-7CCE-46CE-BE7B-EDF66F32EE72}
	EndGlobalSection
	GlobalSection(ExtensibilityGlobals) = postSolution
		SolutionGuid = {F0C6579F-E23A-4D1D-A276-C8A9AEFDA67B}
	EndGlobalSection
EndGlobal
